
Microsoft Visual Studio Solution File, Format Version 12.00
# Visual Studio Version 17
VisualStudioVersion = 17.0.31903.59
MinimumVisualStudioVersion = 10.0.40219.1
Project("{9A19103F-16F7-4668-BE54-9A1E7A4F7556}") = "MyIdentityWithGithub", "MyWebApi\MyIdentityWithGithub.csproj", "{B09113AC-0C82-41D3-85A5-44FBE12BF11A}"
EndProject
Project("{2150E333-8FDC-42A3-9474-1A3956D46DE8}") = "src", "src", "{36A60E20-28A2-48FE-AC50-06B958238505}"
EndProject
Project("{9A19103F-16F7-4668-BE54-9A1E7A4F7556}") = "Ars.Common.Email", "Ars.Commom.Email\Ars.Common.Email.csproj", "{0313BFBB-210A-4A24-8CB9-476699221EF0}"
EndProject
Project("{2150E333-8FDC-42A3-9474-1A3956D46DE8}") = "UnitTest", "UnitTest", "{BB571396-6218-46FE-A57F-17C5C8045122}"
EndProject
Project("{9A19103F-16F7-4668-BE54-9A1E7A4F7556}") = "ArsTest", "ArsTest\ArsTest.csproj", "{EF359E67-D7D0-48D6-9765-6CA475AFE98D}"
EndProject
Project("{2150E333-8FDC-42A3-9474-1A3956D46DE8}") = "Localization", "Localization", "{F9DC6E83-B8A0-48E8-AF6E-27D8B1DA7FF5}"
EndProject
Project("{9A19103F-16F7-4668-BE54-9A1E7A4F7556}") = "ArsMvcApp", "ArsMvcApp\ArsMvcApp.csproj", "{E0C26255-314C-4575-AB9C-E0E0920F73C2}"
EndProject
Project("{9A19103F-16F7-4668-BE54-9A1E7A4F7556}") = "Ars.Common.AutoFac", "Ars.Common.AutoFac\Ars.Common.AutoFac.csproj", "{D6D844E7-AF49-43A6-ABE9-5A4B2F7C9545}"
EndProject
Project("{9A19103F-16F7-4668-BE54-9A1E7A4F7556}") = "Ars.Common.Host", "Ars.Commom.Host\Ars.Common.Host.csproj", "{B1FAB9AA-0C68-4C00-8988-550B6334CCE7}"
EndProject
Project("{9A19103F-16F7-4668-BE54-9A1E7A4F7556}") = "Ars.Common.Tool", "MyArsenal.Commom.Tool\Ars.Common.Tool.csproj", "{0080FC75-701B-453E-8A21-2D768585C083}"
EndProject
Project("{9A19103F-16F7-4668-BE54-9A1E7A4F7556}") = "Ars.Common.Localization", "Ars.Common.Localization\Ars.Common.Localization.csproj", "{931FCF16-EBFD-4E17-A8BE-376355257406}"
EndProject
Project("{9A19103F-16F7-4668-BE54-9A1E7A4F7556}") = "Ars.Common.IdentityServer4", "Ars.Common.IdentityServer4\Ars.Common.IdentityServer4.csproj", "{CFF0623A-FDD3-40AC-A7D4-216C5BD5D3DA}"
EndProject
Project("{9A19103F-16F7-4668-BE54-9A1E7A4F7556}") = "Ars.Common.Core", "Ars.Common.Core\Ars.Common.Core.csproj", "{9081C272-052D-4496-94AF-C8E78E4BF175}"
EndProject
Project("{9A19103F-16F7-4668-BE54-9A1E7A4F7556}") = "ArsWebApiService", "MyApiWithIdentityServer4\ArsWebApiService.csproj", "{DDB83017-5277-4744-9E3C-5A4869F70ECC}"
EndProject
Project("{9A19103F-16F7-4668-BE54-9A1E7A4F7556}") = "Ars.Common.Redis", "Ars.Common.Redis\Ars.Common.Redis.csproj", "{29127E8B-F3E7-41D1-82DB-EF959C49F46E}"
EndProject
Project("{9A19103F-16F7-4668-BE54-9A1E7A4F7556}") = "Ars.Common.Consul", "Ars.Common.Consul\Ars.Common.Consul.csproj", "{9BC87632-D90E-469B-8A5F-F4D2B12C1AF3}"
EndProject
Project("{9A19103F-16F7-4668-BE54-9A1E7A4F7556}") = "Ars.Common.Test", "Ars.Common.Test\Ars.Common.Test.csproj", "{5C9F6453-CBE8-435F-8613-A05517CA224B}"
EndProject
Project("{9A19103F-16F7-4668-BE54-9A1E7A4F7556}") = "Ars.Common.EFCore", "Ars.Common.EFCore\Ars.Common.EFCore.csproj", "{BA7FE0DA-AC29-405C-96A6-47D9F7600543}"
EndProject
Project("{9A19103F-16F7-4668-BE54-9A1E7A4F7556}") = "ArsIdentityService4Server", "ArsIdentityService4Server\ArsIdentityService4Server.csproj", "{0AB07131-F4EA-4CF8-9471-460ABECBC3DD}"
EndProject
Project("{2150E333-8FDC-42A3-9474-1A3956D46DE8}") = "build", "build", "{9FD0AB3C-0271-4887-A725-4E2FB5BEB63C}"
	ProjectSection(SolutionItems) = preProject
		Directory.Build.props = Directory.Build.props
		pack.bat = pack.bat
		version.props = version.props
	EndProjectSection
EndProject
Project("{2150E333-8FDC-42A3-9474-1A3956D46DE8}") = "sample", "sample", "{9448131F-505A-49C6-AF99-DAA5D76403BA}"
EndProject
Project("{9A19103F-16F7-4668-BE54-9A1E7A4F7556}") = "GrpcService", "GrpcService\GrpcService.csproj", "{992648B5-1E5F-48E2-A322-053FF3759BF5}"
EndProject
Project("{9A19103F-16F7-4668-BE54-9A1E7A4F7556}") = "GrpcClients", "GrpcClients\GrpcClients.csproj", "{763BDD22-763B-4563-AEFF-8696AF1FF457}"
EndProject
Project("{9A19103F-16F7-4668-BE54-9A1E7A4F7556}") = "WebApiGrpcServices", "GrpcServices\WebApiGrpcServices.csproj", "{E136699A-2E21-42D5-8120-C7BDC8DBA4C7}"
EndProject
Project("{2150E333-8FDC-42A3-9474-1A3956D46DE8}") = "GrpcWithConsul", "GrpcWithConsul", "{4C21B999-840D-4838-B514-8CD5D2BC130C}"
EndProject
Project("{2150E333-8FDC-42A3-9474-1A3956D46DE8}") = "IdentityServer", "IdentityServer", "{46A3D902-DBEB-470D-B97C-326D1DB7955E}"
EndProject
Project("{FAE04EC0-301F-11D3-BF4B-00C04F79EFBC}") = "ArsIdentityService4Client", "ArsIdentityService4Client\ArsIdentityService4Client.csproj", "{7EB87E82-C563-465D-9980-21A476388B04}"
EndProject
Global
	GlobalSection(SolutionConfigurationPlatforms) = preSolution
		Debug|Any CPU = Debug|Any CPU
		Release|Any CPU = Release|Any CPU
	EndGlobalSection
	GlobalSection(ProjectConfigurationPlatforms) = postSolution
		{B09113AC-0C82-41D3-85A5-44FBE12BF11A}.Debug|Any CPU.ActiveCfg = Debug|Any CPU
		{B09113AC-0C82-41D3-85A5-44FBE12BF11A}.Debug|Any CPU.Build.0 = Debug|Any CPU
		{B09113AC-0C82-41D3-85A5-44FBE12BF11A}.Release|Any CPU.ActiveCfg = Release|Any CPU
		{B09113AC-0C82-41D3-85A5-44FBE12BF11A}.Release|Any CPU.Build.0 = Release|Any CPU
		{0313BFBB-210A-4A24-8CB9-476699221EF0}.Debug|Any CPU.ActiveCfg = Debug|Any CPU
		{0313BFBB-210A-4A24-8CB9-476699221EF0}.Debug|Any CPU.Build.0 = Debug|Any CPU
		{0313BFBB-210A-4A24-8CB9-476699221EF0}.Release|Any CPU.ActiveCfg = Release|Any CPU
		{0313BFBB-210A-4A24-8CB9-476699221EF0}.Release|Any CPU.Build.0 = Release|Any CPU
		{EF359E67-D7D0-48D6-9765-6CA475AFE98D}.Debug|Any CPU.ActiveCfg = Debug|Any CPU
		{EF359E67-D7D0-48D6-9765-6CA475AFE98D}.Debug|Any CPU.Build.0 = Debug|Any CPU
		{EF359E67-D7D0-48D6-9765-6CA475AFE98D}.Release|Any CPU.ActiveCfg = Release|Any CPU
		{EF359E67-D7D0-48D6-9765-6CA475AFE98D}.Release|Any CPU.Build.0 = Release|Any CPU
		{E0C26255-314C-4575-AB9C-E0E0920F73C2}.Debug|Any CPU.ActiveCfg = Debug|Any CPU
		{E0C26255-314C-4575-AB9C-E0E0920F73C2}.Debug|Any CPU.Build.0 = Debug|Any CPU
		{E0C26255-314C-4575-AB9C-E0E0920F73C2}.Release|Any CPU.ActiveCfg = Release|Any CPU
		{E0C26255-314C-4575-AB9C-E0E0920F73C2}.Release|Any CPU.Build.0 = Release|Any CPU
		{D6D844E7-AF49-43A6-ABE9-5A4B2F7C9545}.Debug|Any CPU.ActiveCfg = Debug|Any CPU
		{D6D844E7-AF49-43A6-ABE9-5A4B2F7C9545}.Debug|Any CPU.Build.0 = Debug|Any CPU
		{D6D844E7-AF49-43A6-ABE9-5A4B2F7C9545}.Release|Any CPU.ActiveCfg = Release|Any CPU
		{D6D844E7-AF49-43A6-ABE9-5A4B2F7C9545}.Release|Any CPU.Build.0 = Release|Any CPU
		{B1FAB9AA-0C68-4C00-8988-550B6334CCE7}.Debug|Any CPU.ActiveCfg = Debug|Any CPU
		{B1FAB9AA-0C68-4C00-8988-550B6334CCE7}.Debug|Any CPU.Build.0 = Debug|Any CPU
		{B1FAB9AA-0C68-4C00-8988-550B6334CCE7}.Release|Any CPU.ActiveCfg = Release|Any CPU
		{B1FAB9AA-0C68-4C00-8988-550B6334CCE7}.Release|Any CPU.Build.0 = Release|Any CPU
		{0080FC75-701B-453E-8A21-2D768585C083}.Debug|Any CPU.ActiveCfg = Debug|Any CPU
		{0080FC75-701B-453E-8A21-2D768585C083}.Debug|Any CPU.Build.0 = Debug|Any CPU
		{0080FC75-701B-453E-8A21-2D768585C083}.Release|Any CPU.ActiveCfg = Release|Any CPU
		{0080FC75-701B-453E-8A21-2D768585C083}.Release|Any CPU.Build.0 = Release|Any CPU
		{931FCF16-EBFD-4E17-A8BE-376355257406}.Debug|Any CPU.ActiveCfg = Debug|Any CPU
		{931FCF16-EBFD-4E17-A8BE-376355257406}.Debug|Any CPU.Build.0 = Debug|Any CPU
		{931FCF16-EBFD-4E17-A8BE-376355257406}.Release|Any CPU.ActiveCfg = Release|Any CPU
		{931FCF16-EBFD-4E17-A8BE-376355257406}.Release|Any CPU.Build.0 = Release|Any CPU
		{CFF0623A-FDD3-40AC-A7D4-216C5BD5D3DA}.Debug|Any CPU.ActiveCfg = Debug|Any CPU
		{CFF0623A-FDD3-40AC-A7D4-216C5BD5D3DA}.Debug|Any CPU.Build.0 = Debug|Any CPU
		{CFF0623A-FDD3-40AC-A7D4-216C5BD5D3DA}.Release|Any CPU.ActiveCfg = Release|Any CPU
		{CFF0623A-FDD3-40AC-A7D4-216C5BD5D3DA}.Release|Any CPU.Build.0 = Release|Any CPU
		{9081C272-052D-4496-94AF-C8E78E4BF175}.Debug|Any CPU.ActiveCfg = Debug|Any CPU
		{9081C272-052D-4496-94AF-C8E78E4BF175}.Debug|Any CPU.Build.0 = Debug|Any CPU
		{9081C272-052D-4496-94AF-C8E78E4BF175}.Release|Any CPU.ActiveCfg = Release|Any CPU
		{9081C272-052D-4496-94AF-C8E78E4BF175}.Release|Any CPU.Build.0 = Release|Any CPU
		{DDB83017-5277-4744-9E3C-5A4869F70ECC}.Debug|Any CPU.ActiveCfg = Debug|Any CPU
		{DDB83017-5277-4744-9E3C-5A4869F70ECC}.Debug|Any CPU.Build.0 = Debug|Any CPU
		{DDB83017-5277-4744-9E3C-5A4869F70ECC}.Release|Any CPU.ActiveCfg = Release|Any CPU
		{DDB83017-5277-4744-9E3C-5A4869F70ECC}.Release|Any CPU.Build.0 = Release|Any CPU
		{29127E8B-F3E7-41D1-82DB-EF959C49F46E}.Debug|Any CPU.ActiveCfg = Debug|Any CPU
		{29127E8B-F3E7-41D1-82DB-EF959C49F46E}.Debug|Any CPU.Build.0 = Debug|Any CPU
		{29127E8B-F3E7-41D1-82DB-EF959C49F46E}.Release|Any CPU.ActiveCfg = Release|Any CPU
		{29127E8B-F3E7-41D1-82DB-EF959C49F46E}.Release|Any CPU.Build.0 = Release|Any CPU
		{9BC87632-D90E-469B-8A5F-F4D2B12C1AF3}.Debug|Any CPU.ActiveCfg = Debug|Any CPU
		{9BC87632-D90E-469B-8A5F-F4D2B12C1AF3}.Debug|Any CPU.Build.0 = Debug|Any CPU
		{9BC87632-D90E-469B-8A5F-F4D2B12C1AF3}.Release|Any CPU.ActiveCfg = Release|Any CPU
		{9BC87632-D90E-469B-8A5F-F4D2B12C1AF3}.Release|Any CPU.Build.0 = Release|Any CPU
		{5C9F6453-CBE8-435F-8613-A05517CA224B}.Debug|Any CPU.ActiveCfg = Debug|Any CPU
		{5C9F6453-CBE8-435F-8613-A05517CA224B}.Debug|Any CPU.Build.0 = Debug|Any CPU
		{5C9F6453-CBE8-435F-8613-A05517CA224B}.Release|Any CPU.ActiveCfg = Release|Any CPU
		{5C9F6453-CBE8-435F-8613-A05517CA224B}.Release|Any CPU.Build.0 = Release|Any CPU
		{BA7FE0DA-AC29-405C-96A6-47D9F7600543}.Debug|Any CPU.ActiveCfg = Debug|Any CPU
		{BA7FE0DA-AC29-405C-96A6-47D9F7600543}.Debug|Any CPU.Build.0 = Debug|Any CPU
		{BA7FE0DA-AC29-405C-96A6-47D9F7600543}.Release|Any CPU.ActiveCfg = Release|Any CPU
		{BA7FE0DA-AC29-405C-96A6-47D9F7600543}.Release|Any CPU.Build.0 = Release|Any CPU
		{0AB07131-F4EA-4CF8-9471-460ABECBC3DD}.Debug|Any CPU.ActiveCfg = Debug|Any CPU
		{0AB07131-F4EA-4CF8-9471-460ABECBC3DD}.Debug|Any CPU.Build.0 = Debug|Any CPU
		{0AB07131-F4EA-4CF8-9471-460ABECBC3DD}.Release|Any CPU.ActiveCfg = Release|Any CPU
		{0AB07131-F4EA-4CF8-9471-460ABECBC3DD}.Release|Any CPU.Build.0 = Release|Any CPU
		{992648B5-1E5F-48E2-A322-053FF3759BF5}.Debug|Any CPU.ActiveCfg = Debug|Any CPU
		{992648B5-1E5F-48E2-A322-053FF3759BF5}.Debug|Any CPU.Build.0 = Debug|Any CPU
		{992648B5-1E5F-48E2-A322-053FF3759BF5}.Release|Any CPU.ActiveCfg = Release|Any CPU
		{992648B5-1E5F-48E2-A322-053FF3759BF5}.Release|Any CPU.Build.0 = Release|Any CPU
		{763BDD22-763B-4563-AEFF-8696AF1FF457}.Debug|Any CPU.ActiveCfg = Debug|Any CPU
		{763BDD22-763B-4563-AEFF-8696AF1FF457}.Debug|Any CPU.Build.0 = Debug|Any CPU
		{763BDD22-763B-4563-AEFF-8696AF1FF457}.Release|Any CPU.ActiveCfg = Release|Any CPU
		{763BDD22-763B-4563-AEFF-8696AF1FF457}.Release|Any CPU.Build.0 = Release|Any CPU
		{E136699A-2E21-42D5-8120-C7BDC8DBA4C7}.Debug|Any CPU.ActiveCfg = Debug|Any CPU
		{E136699A-2E21-42D5-8120-C7BDC8DBA4C7}.Debug|Any CPU.Build.0 = Debug|Any CPU
		{E136699A-2E21-42D5-8120-C7BDC8DBA4C7}.Release|Any CPU.ActiveCfg = Release|Any CPU
		{E136699A-2E21-42D5-8120-C7BDC8DBA4C7}.Release|Any CPU.Build.0 = Release|Any CPU
		{7EB87E82-C563-465D-9980-21A476388B04}.Debug|Any CPU.ActiveCfg = Debug|Any CPU
		{7EB87E82-C563-465D-9980-21A476388B04}.Debug|Any CPU.Build.0 = Debug|Any CPU
		{7EB87E82-C563-465D-9980-21A476388B04}.Release|Any CPU.ActiveCfg = Release|Any CPU
		{7EB87E82-C563-465D-9980-21A476388B04}.Release|Any CPU.Build.0 = Release|Any CPU
	EndGlobalSection
	GlobalSection(SolutionProperties) = preSolution
		HideSolutionNode = FALSE
	EndGlobalSection
	GlobalSection(NestedProjects) = preSolution
		{B09113AC-0C82-41D3-85A5-44FBE12BF11A} = {46A3D902-DBEB-470D-B97C-326D1DB7955E}
		{0313BFBB-210A-4A24-8CB9-476699221EF0} = {36A60E20-28A2-48FE-AC50-06B958238505}
		{BB571396-6218-46FE-A57F-17C5C8045122} = {9448131F-505A-49C6-AF99-DAA5D76403BA}
		{EF359E67-D7D0-48D6-9765-6CA475AFE98D} = {BB571396-6218-46FE-A57F-17C5C8045122}
		{F9DC6E83-B8A0-48E8-AF6E-27D8B1DA7FF5} = {9448131F-505A-49C6-AF99-DAA5D76403BA}
		{E0C26255-314C-4575-AB9C-E0E0920F73C2} = {F9DC6E83-B8A0-48E8-AF6E-27D8B1DA7FF5}
		{D6D844E7-AF49-43A6-ABE9-5A4B2F7C9545} = {36A60E20-28A2-48FE-AC50-06B958238505}
		{B1FAB9AA-0C68-4C00-8988-550B6334CCE7} = {36A60E20-28A2-48FE-AC50-06B958238505}
		{0080FC75-701B-453E-8A21-2D768585C083} = {36A60E20-28A2-48FE-AC50-06B958238505}
		{931FCF16-EBFD-4E17-A8BE-376355257406} = {36A60E20-28A2-48FE-AC50-06B958238505}
		{CFF0623A-FDD3-40AC-A7D4-216C5BD5D3DA} = {36A60E20-28A2-48FE-AC50-06B958238505}
		{9081C272-052D-4496-94AF-C8E78E4BF175} = {36A60E20-28A2-48FE-AC50-06B958238505}
		{DDB83017-5277-4744-9E3C-5A4869F70ECC} = {46A3D902-DBEB-470D-B97C-326D1DB7955E}
		{29127E8B-F3E7-41D1-82DB-EF959C49F46E} = {36A60E20-28A2-48FE-AC50-06B958238505}
		{9BC87632-D90E-469B-8A5F-F4D2B12C1AF3} = {36A60E20-28A2-48FE-AC50-06B958238505}
		{5C9F6453-CBE8-435F-8613-A05517CA224B} = {BB571396-6218-46FE-A57F-17C5C8045122}
		{BA7FE0DA-AC29-405C-96A6-47D9F7600543} = {36A60E20-28A2-48FE-AC50-06B958238505}
		{0AB07131-F4EA-4CF8-9471-460ABECBC3DD} = {46A3D902-DBEB-470D-B97C-326D1DB7955E}
		{992648B5-1E5F-48E2-A322-053FF3759BF5} = {4C21B999-840D-4838-B514-8CD5D2BC130C}
		{763BDD22-763B-4563-AEFF-8696AF1FF457} = {4C21B999-840D-4838-B514-8CD5D2BC130C}
		{E136699A-2E21-42D5-8120-C7BDC8DBA4C7} = {4C21B999-840D-4838-B514-8CD5D2BC130C}
		{4C21B999-840D-4838-B514-8CD5D2BC130C} = {9448131F-505A-49C6-AF99-DAA5D76403BA}
		{46A3D902-DBEB-470D-B97C-326D1DB7955E} = {9448131F-505A-49C6-AF99-DAA5D76403BA}
		{7EB87E82-C563-465D-9980-21A476388B04} = {46A3D902-DBEB-470D-B97C-326D1DB7955E}
	EndGlobalSection
	GlobalSection(ExtensibilityGlobals) = postSolution
		SolutionGuid = {C746BF35-557D-47FE-87EF-226D0A7C8757}
	EndGlobalSection
EndGlobal
