
Microsoft Visual Studio Solution File, Format Version 12.00
# Visual Studio Version 17
VisualStudioVersion = 17.0.31903.59
MinimumVisualStudioVersion = 10.0.40219.1
Project("{2150E333-8FDC-42A3-9474-1A3956D46DE8}") = "src", "src", "{36A60E20-28A2-48FE-AC50-06B958238505}"
EndProject
Project("{2150E333-8FDC-42A3-9474-1A3956D46DE8}") = "UnitTest", "UnitTest", "{BB571396-6218-46FE-A57F-17C5C8045122}"
EndProject
Project("{2150E333-8FDC-42A3-9474-1A3956D46DE8}") = "LocalizationWithRedis", "LocalizationWithRedis", "{F9DC6E83-B8A0-48E8-AF6E-27D8B1DA7FF5}"
EndProject
Project("{2150E333-8FDC-42A3-9474-1A3956D46DE8}") = "build", "build", "{9FD0AB3C-0271-4887-A725-4E2FB5BEB63C}"
	ProjectSection(SolutionItems) = preProject
		src\Directory.Build.props = src\Directory.Build.props
		build\pack.bat = build\pack.bat
		README.md = README.md
		build\version.props = build\version.props
	EndProjectSection
EndProject
Project("{2150E333-8FDC-42A3-9474-1A3956D46DE8}") = "sample", "sample", "{9448131F-505A-49C6-AF99-DAA5D76403BA}"
EndProject
Project("{2150E333-8FDC-42A3-9474-1A3956D46DE8}") = "GrpcWithConsul", "GrpcWithConsul", "{4C21B999-840D-4838-B514-8CD5D2BC130C}"
EndProject
Project("{2150E333-8FDC-42A3-9474-1A3956D46DE8}") = "IdentityServer", "IdentityServer", "{46A3D902-DBEB-470D-B97C-326D1DB7955E}"
EndProject
Project("{9A19103F-16F7-4668-BE54-9A1E7A4F7556}") = "Ars.Common.Host", "src\Ars.Commom.Host\Ars.Common.Host.csproj", "{F8738282-36CD-4929-88B6-03CFE9C2390A}"
EndProject
Project("{9A19103F-16F7-4668-BE54-9A1E7A4F7556}") = "Ars.Common.Email", "src\Ars.Commom.Email\Ars.Common.Email.csproj", "{07F921A7-E840-45FE-B425-93FF1C35E5CE}"
EndProject
Project("{9A19103F-16F7-4668-BE54-9A1E7A4F7556}") = "Ars.Common.Tool", "src\Ars.Commom.Tool\Ars.Common.Tool.csproj", "{D729A643-4480-4AA9-BAFC-C730DF3F404C}"
EndProject
Project("{9A19103F-16F7-4668-BE54-9A1E7A4F7556}") = "Ars.Common.AutoFac", "src\Ars.Common.AutoFac\Ars.Common.AutoFac.csproj", "{50702031-8E91-4734-8577-64D5B32D15E2}"
EndProject
Project("{9A19103F-16F7-4668-BE54-9A1E7A4F7556}") = "Ars.Common.Consul", "src\Ars.Common.Consul\Ars.Common.Consul.csproj", "{63CD1F35-B451-44B5-8DC6-91D188522DC0}"
EndProject
Project("{9A19103F-16F7-4668-BE54-9A1E7A4F7556}") = "Ars.Common.Core", "src\Ars.Common.Core\Ars.Common.Core.csproj", "{1923F944-A24A-4B78-AFCE-BC60A4E5AF07}"
EndProject
Project("{9A19103F-16F7-4668-BE54-9A1E7A4F7556}") = "Ars.Common.EFCore", "src\Ars.Common.EFCore\Ars.Common.EFCore.csproj", "{6DE3B675-CB52-4CAA-B638-6E2BAB9C9E46}"
EndProject
Project("{9A19103F-16F7-4668-BE54-9A1E7A4F7556}") = "Ars.Common.IdentityServer4", "src\Ars.Common.IdentityServer4\Ars.Common.IdentityServer4.csproj", "{4788244D-632F-41C3-BD4E-A5A75B3E9736}"
EndProject
Project("{9A19103F-16F7-4668-BE54-9A1E7A4F7556}") = "Ars.Common.Redis", "src\Ars.Common.Redis\Ars.Common.Redis.csproj", "{3AA7747B-D655-4251-BCB7-69AA6BAB9014}"
EndProject
Project("{9A19103F-16F7-4668-BE54-9A1E7A4F7556}") = "GrpcClient", "sample\GrpcWithConsul\GrpcClient\GrpcClient.csproj", "{7287B463-F7FB-4B32-B2A4-8519845B199D}"
EndProject
Project("{9A19103F-16F7-4668-BE54-9A1E7A4F7556}") = "GrpcService", "sample\GrpcWithConsul\GrpcService\GrpcService.csproj", "{CD290C08-631F-4C65-8213-33C77310F93A}"
EndProject
Project("{9A19103F-16F7-4668-BE54-9A1E7A4F7556}") = "WebApiGrpcService", "sample\GrpcWithConsul\WebApiGrpcService\WebApiGrpcService.csproj", "{2D21E36B-3AE6-4EFD-9C99-F3ABF046046D}"
EndProject
Project("{9A19103F-16F7-4668-BE54-9A1E7A4F7556}") = "ArsIdentityService4Server", "sample\IdentityServer\ArsIdentityService4Server\ArsIdentityService4Server.csproj", "{EAF399DB-3A40-490D-8819-DE0EB853246D}"
EndProject
Project("{9A19103F-16F7-4668-BE54-9A1E7A4F7556}") = "MyIdentityWithGithub", "sample\IdentityServer\ArsIdentityWithGithub\MyIdentityWithGithub.csproj", "{C6A27730-F246-4B27-8C94-F8A82BEDB900}"
EndProject
Project("{9A19103F-16F7-4668-BE54-9A1E7A4F7556}") = "ArsWebApiService", "sample\IdentityServer\ArsWebApiService\ArsWebApiService.csproj", "{DFF1226F-BCF4-4F94-B587-DA922AFDDE6F}"
EndProject
Project("{9A19103F-16F7-4668-BE54-9A1E7A4F7556}") = "ArsMvcApp", "sample\Localization\ArsMvcApp\ArsMvcApp.csproj", "{8016E205-4547-47BE-B372-871B9A456B38}"
EndProject
Project("{9A19103F-16F7-4668-BE54-9A1E7A4F7556}") = "ArsTest", "sample\UnitTest\ArsTest\ArsTest.csproj", "{C24C07F3-D48B-403C-ADCA-DEC5F64EE408}"
EndProject
Project("{9A19103F-16F7-4668-BE54-9A1E7A4F7556}") = "ArsAuthorizationCodeClient", "sample\IdentityServer\ArsAuthorizationCodeClient\ArsAuthorizationCodeClient.csproj", "{B08ED4B6-629D-4D8A-80FC-2237C5D393DF}"
EndProject
Project("{9A19103F-16F7-4668-BE54-9A1E7A4F7556}") = "ArsTest1", "sample\UnitTest\ArsTest1\ArsTest1.csproj", "{D02C8939-D3BF-4554-9951-97EEC6EB9CF3}"
EndProject
Project("{2150E333-8FDC-42A3-9474-1A3956D46DE8}") = "FastReport", "FastReport", "{2DA1AD8D-BF79-480F-91E7-96643A01FFA1}"
EndProject
Project("{9A19103F-16F7-4668-BE54-9A1E7A4F7556}") = "MyFastReport", "sample\FastReport\MyFastReport\MyFastReport.csproj", "{EB6C47B8-E7B9-4CAD-A9D8-DF3C68D06CCB}"
EndProject
Global
	GlobalSection(SolutionConfigurationPlatforms) = preSolution
		Debug|Any CPU = Debug|Any CPU
		Release|Any CPU = Release|Any CPU
	EndGlobalSection
	GlobalSection(ProjectConfigurationPlatforms) = postSolution
		{F8738282-36CD-4929-88B6-03CFE9C2390A}.Debug|Any CPU.ActiveCfg = Debug|Any CPU
		{F8738282-36CD-4929-88B6-03CFE9C2390A}.Debug|Any CPU.Build.0 = Debug|Any CPU
		{F8738282-36CD-4929-88B6-03CFE9C2390A}.Release|Any CPU.ActiveCfg = Release|Any CPU
		{F8738282-36CD-4929-88B6-03CFE9C2390A}.Release|Any CPU.Build.0 = Release|Any CPU
		{07F921A7-E840-45FE-B425-93FF1C35E5CE}.Debug|Any CPU.ActiveCfg = Debug|Any CPU
		{07F921A7-E840-45FE-B425-93FF1C35E5CE}.Debug|Any CPU.Build.0 = Debug|Any CPU
		{07F921A7-E840-45FE-B425-93FF1C35E5CE}.Release|Any CPU.ActiveCfg = Release|Any CPU
		{07F921A7-E840-45FE-B425-93FF1C35E5CE}.Release|Any CPU.Build.0 = Release|Any CPU
		{D729A643-4480-4AA9-BAFC-C730DF3F404C}.Debug|Any CPU.ActiveCfg = Debug|Any CPU
		{D729A643-4480-4AA9-BAFC-C730DF3F404C}.Debug|Any CPU.Build.0 = Debug|Any CPU
		{D729A643-4480-4AA9-BAFC-C730DF3F404C}.Release|Any CPU.ActiveCfg = Release|Any CPU
		{D729A643-4480-4AA9-BAFC-C730DF3F404C}.Release|Any CPU.Build.0 = Release|Any CPU
		{50702031-8E91-4734-8577-64D5B32D15E2}.Debug|Any CPU.ActiveCfg = Debug|Any CPU
		{50702031-8E91-4734-8577-64D5B32D15E2}.Debug|Any CPU.Build.0 = Debug|Any CPU
		{50702031-8E91-4734-8577-64D5B32D15E2}.Release|Any CPU.ActiveCfg = Release|Any CPU
		{50702031-8E91-4734-8577-64D5B32D15E2}.Release|Any CPU.Build.0 = Release|Any CPU
		{63CD1F35-B451-44B5-8DC6-91D188522DC0}.Debug|Any CPU.ActiveCfg = Debug|Any CPU
		{63CD1F35-B451-44B5-8DC6-91D188522DC0}.Debug|Any CPU.Build.0 = Debug|Any CPU
		{63CD1F35-B451-44B5-8DC6-91D188522DC0}.Release|Any CPU.ActiveCfg = Release|Any CPU
		{63CD1F35-B451-44B5-8DC6-91D188522DC0}.Release|Any CPU.Build.0 = Release|Any CPU
		{1923F944-A24A-4B78-AFCE-BC60A4E5AF07}.Debug|Any CPU.ActiveCfg = Debug|Any CPU
		{1923F944-A24A-4B78-AFCE-BC60A4E5AF07}.Debug|Any CPU.Build.0 = Debug|Any CPU
		{1923F944-A24A-4B78-AFCE-BC60A4E5AF07}.Release|Any CPU.ActiveCfg = Release|Any CPU
		{1923F944-A24A-4B78-AFCE-BC60A4E5AF07}.Release|Any CPU.Build.0 = Release|Any CPU
		{6DE3B675-CB52-4CAA-B638-6E2BAB9C9E46}.Debug|Any CPU.ActiveCfg = Debug|Any CPU
		{6DE3B675-CB52-4CAA-B638-6E2BAB9C9E46}.Debug|Any CPU.Build.0 = Debug|Any CPU
		{6DE3B675-CB52-4CAA-B638-6E2BAB9C9E46}.Release|Any CPU.ActiveCfg = Release|Any CPU
		{6DE3B675-CB52-4CAA-B638-6E2BAB9C9E46}.Release|Any CPU.Build.0 = Release|Any CPU
		{4788244D-632F-41C3-BD4E-A5A75B3E9736}.Debug|Any CPU.ActiveCfg = Debug|Any CPU
		{4788244D-632F-41C3-BD4E-A5A75B3E9736}.Debug|Any CPU.Build.0 = Debug|Any CPU
		{4788244D-632F-41C3-BD4E-A5A75B3E9736}.Release|Any CPU.ActiveCfg = Release|Any CPU
		{4788244D-632F-41C3-BD4E-A5A75B3E9736}.Release|Any CPU.Build.0 = Release|Any CPU
		{3AA7747B-D655-4251-BCB7-69AA6BAB9014}.Debug|Any CPU.ActiveCfg = Debug|Any CPU
		{3AA7747B-D655-4251-BCB7-69AA6BAB9014}.Debug|Any CPU.Build.0 = Debug|Any CPU
		{3AA7747B-D655-4251-BCB7-69AA6BAB9014}.Release|Any CPU.ActiveCfg = Release|Any CPU
		{3AA7747B-D655-4251-BCB7-69AA6BAB9014}.Release|Any CPU.Build.0 = Release|Any CPU
		{7287B463-F7FB-4B32-B2A4-8519845B199D}.Debug|Any CPU.ActiveCfg = Debug|Any CPU
		{7287B463-F7FB-4B32-B2A4-8519845B199D}.Debug|Any CPU.Build.0 = Debug|Any CPU
		{7287B463-F7FB-4B32-B2A4-8519845B199D}.Release|Any CPU.ActiveCfg = Release|Any CPU
		{7287B463-F7FB-4B32-B2A4-8519845B199D}.Release|Any CPU.Build.0 = Release|Any CPU
		{CD290C08-631F-4C65-8213-33C77310F93A}.Debug|Any CPU.ActiveCfg = Debug|Any CPU
		{CD290C08-631F-4C65-8213-33C77310F93A}.Debug|Any CPU.Build.0 = Debug|Any CPU
		{CD290C08-631F-4C65-8213-33C77310F93A}.Release|Any CPU.ActiveCfg = Release|Any CPU
		{CD290C08-631F-4C65-8213-33C77310F93A}.Release|Any CPU.Build.0 = Release|Any CPU
		{2D21E36B-3AE6-4EFD-9C99-F3ABF046046D}.Debug|Any CPU.ActiveCfg = Debug|Any CPU
		{2D21E36B-3AE6-4EFD-9C99-F3ABF046046D}.Debug|Any CPU.Build.0 = Debug|Any CPU
		{2D21E36B-3AE6-4EFD-9C99-F3ABF046046D}.Release|Any CPU.ActiveCfg = Release|Any CPU
		{2D21E36B-3AE6-4EFD-9C99-F3ABF046046D}.Release|Any CPU.Build.0 = Release|Any CPU
		{EAF399DB-3A40-490D-8819-DE0EB853246D}.Debug|Any CPU.ActiveCfg = Debug|Any CPU
		{EAF399DB-3A40-490D-8819-DE0EB853246D}.Debug|Any CPU.Build.0 = Debug|Any CPU
		{EAF399DB-3A40-490D-8819-DE0EB853246D}.Release|Any CPU.ActiveCfg = Release|Any CPU
		{EAF399DB-3A40-490D-8819-DE0EB853246D}.Release|Any CPU.Build.0 = Release|Any CPU
		{C6A27730-F246-4B27-8C94-F8A82BEDB900}.Debug|Any CPU.ActiveCfg = Debug|Any CPU
		{C6A27730-F246-4B27-8C94-F8A82BEDB900}.Debug|Any CPU.Build.0 = Debug|Any CPU
		{C6A27730-F246-4B27-8C94-F8A82BEDB900}.Release|Any CPU.ActiveCfg = Release|Any CPU
		{C6A27730-F246-4B27-8C94-F8A82BEDB900}.Release|Any CPU.Build.0 = Release|Any CPU
		{DFF1226F-BCF4-4F94-B587-DA922AFDDE6F}.Debug|Any CPU.ActiveCfg = Debug|Any CPU
		{DFF1226F-BCF4-4F94-B587-DA922AFDDE6F}.Debug|Any CPU.Build.0 = Debug|Any CPU
		{DFF1226F-BCF4-4F94-B587-DA922AFDDE6F}.Release|Any CPU.ActiveCfg = Release|Any CPU
		{DFF1226F-BCF4-4F94-B587-DA922AFDDE6F}.Release|Any CPU.Build.0 = Release|Any CPU
		{8016E205-4547-47BE-B372-871B9A456B38}.Debug|Any CPU.ActiveCfg = Debug|Any CPU
		{8016E205-4547-47BE-B372-871B9A456B38}.Debug|Any CPU.Build.0 = Debug|Any CPU
		{8016E205-4547-47BE-B372-871B9A456B38}.Release|Any CPU.ActiveCfg = Release|Any CPU
		{8016E205-4547-47BE-B372-871B9A456B38}.Release|Any CPU.Build.0 = Release|Any CPU
		{C24C07F3-D48B-403C-ADCA-DEC5F64EE408}.Debug|Any CPU.ActiveCfg = Debug|Any CPU
		{C24C07F3-D48B-403C-ADCA-DEC5F64EE408}.Debug|Any CPU.Build.0 = Debug|Any CPU
		{C24C07F3-D48B-403C-ADCA-DEC5F64EE408}.Release|Any CPU.ActiveCfg = Release|Any CPU
		{C24C07F3-D48B-403C-ADCA-DEC5F64EE408}.Release|Any CPU.Build.0 = Release|Any CPU
		{B08ED4B6-629D-4D8A-80FC-2237C5D393DF}.Debug|Any CPU.ActiveCfg = Debug|Any CPU
		{B08ED4B6-629D-4D8A-80FC-2237C5D393DF}.Debug|Any CPU.Build.0 = Debug|Any CPU
		{B08ED4B6-629D-4D8A-80FC-2237C5D393DF}.Release|Any CPU.ActiveCfg = Release|Any CPU
		{B08ED4B6-629D-4D8A-80FC-2237C5D393DF}.Release|Any CPU.Build.0 = Release|Any CPU
		{D02C8939-D3BF-4554-9951-97EEC6EB9CF3}.Debug|Any CPU.ActiveCfg = Debug|Any CPU
		{D02C8939-D3BF-4554-9951-97EEC6EB9CF3}.Debug|Any CPU.Build.0 = Debug|Any CPU
		{D02C8939-D3BF-4554-9951-97EEC6EB9CF3}.Release|Any CPU.ActiveCfg = Release|Any CPU
		{D02C8939-D3BF-4554-9951-97EEC6EB9CF3}.Release|Any CPU.Build.0 = Release|Any CPU
		{EB6C47B8-E7B9-4CAD-A9D8-DF3C68D06CCB}.Debug|Any CPU.ActiveCfg = Debug|Any CPU
		{EB6C47B8-E7B9-4CAD-A9D8-DF3C68D06CCB}.Debug|Any CPU.Build.0 = Debug|Any CPU
		{EB6C47B8-E7B9-4CAD-A9D8-DF3C68D06CCB}.Release|Any CPU.ActiveCfg = Release|Any CPU
		{EB6C47B8-E7B9-4CAD-A9D8-DF3C68D06CCB}.Release|Any CPU.Build.0 = Release|Any CPU
	EndGlobalSection
	GlobalSection(SolutionProperties) = preSolution
		HideSolutionNode = FALSE
	EndGlobalSection
	GlobalSection(NestedProjects) = preSolution
		{BB571396-6218-46FE-A57F-17C5C8045122} = {9448131F-505A-49C6-AF99-DAA5D76403BA}
		{F9DC6E83-B8A0-48E8-AF6E-27D8B1DA7FF5} = {9448131F-505A-49C6-AF99-DAA5D76403BA}
		{4C21B999-840D-4838-B514-8CD5D2BC130C} = {9448131F-505A-49C6-AF99-DAA5D76403BA}
		{46A3D902-DBEB-470D-B97C-326D1DB7955E} = {9448131F-505A-49C6-AF99-DAA5D76403BA}
		{F8738282-36CD-4929-88B6-03CFE9C2390A} = {36A60E20-28A2-48FE-AC50-06B958238505}
		{07F921A7-E840-45FE-B425-93FF1C35E5CE} = {36A60E20-28A2-48FE-AC50-06B958238505}
		{D729A643-4480-4AA9-BAFC-C730DF3F404C} = {36A60E20-28A2-48FE-AC50-06B958238505}
		{50702031-8E91-4734-8577-64D5B32D15E2} = {36A60E20-28A2-48FE-AC50-06B958238505}
		{63CD1F35-B451-44B5-8DC6-91D188522DC0} = {36A60E20-28A2-48FE-AC50-06B958238505}
		{1923F944-A24A-4B78-AFCE-BC60A4E5AF07} = {36A60E20-28A2-48FE-AC50-06B958238505}
		{6DE3B675-CB52-4CAA-B638-6E2BAB9C9E46} = {36A60E20-28A2-48FE-AC50-06B958238505}
		{4788244D-632F-41C3-BD4E-A5A75B3E9736} = {36A60E20-28A2-48FE-AC50-06B958238505}
		{3AA7747B-D655-4251-BCB7-69AA6BAB9014} = {36A60E20-28A2-48FE-AC50-06B958238505}
		{7287B463-F7FB-4B32-B2A4-8519845B199D} = {4C21B999-840D-4838-B514-8CD5D2BC130C}
		{CD290C08-631F-4C65-8213-33C77310F93A} = {4C21B999-840D-4838-B514-8CD5D2BC130C}
		{2D21E36B-3AE6-4EFD-9C99-F3ABF046046D} = {4C21B999-840D-4838-B514-8CD5D2BC130C}
		{EAF399DB-3A40-490D-8819-DE0EB853246D} = {46A3D902-DBEB-470D-B97C-326D1DB7955E}
		{C6A27730-F246-4B27-8C94-F8A82BEDB900} = {46A3D902-DBEB-470D-B97C-326D1DB7955E}
		{DFF1226F-BCF4-4F94-B587-DA922AFDDE6F} = {46A3D902-DBEB-470D-B97C-326D1DB7955E}
		{8016E205-4547-47BE-B372-871B9A456B38} = {F9DC6E83-B8A0-48E8-AF6E-27D8B1DA7FF5}
		{C24C07F3-D48B-403C-ADCA-DEC5F64EE408} = {BB571396-6218-46FE-A57F-17C5C8045122}
		{B08ED4B6-629D-4D8A-80FC-2237C5D393DF} = {46A3D902-DBEB-470D-B97C-326D1DB7955E}
		{D02C8939-D3BF-4554-9951-97EEC6EB9CF3} = {BB571396-6218-46FE-A57F-17C5C8045122}
		{2DA1AD8D-BF79-480F-91E7-96643A01FFA1} = {9448131F-505A-49C6-AF99-DAA5D76403BA}
		{EB6C47B8-E7B9-4CAD-A9D8-DF3C68D06CCB} = {2DA1AD8D-BF79-480F-91E7-96643A01FFA1}
	EndGlobalSection
	GlobalSection(ExtensibilityGlobals) = postSolution
		SolutionGuid = {C746BF35-557D-47FE-87EF-226D0A7C8757}
	EndGlobalSection
EndGlobal
