
Microsoft Visual Studio Solution File, Format Version 12.00
# Visual Studio Version 17
VisualStudioVersion = 17.0.31903.59
MinimumVisualStudioVersion = 10.0.40219.1
Project("{2150E333-8FDC-42A3-9474-1A3956D46DE8}") = "src", "src", "{36A60E20-28A2-48FE-AC50-06B958238505}"
EndProject
Project("{2150E333-8FDC-42A3-9474-1A3956D46DE8}") = "unitTest", "unitTest", "{BB571396-6218-46FE-A57F-17C5C8045122}"
EndProject
Project("{2150E333-8FDC-42A3-9474-1A3956D46DE8}") = "build", "build", "{9FD0AB3C-0271-4887-A725-4E2FB5BEB63C}"
	ProjectSection(SolutionItems) = preProject
		src\Directory.Build.props = src\Directory.Build.props
		LICENSE.md = LICENSE.md
		build\pack.bat = build\pack.bat
		README.md = README.md
		SkyApmLogFolderSolution.md = SkyApmLogFolderSolution.md
		build\version.props = build\version.props
	EndProjectSection
EndProject
Project("{2150E333-8FDC-42A3-9474-1A3956D46DE8}") = "sample", "sample", "{9448131F-505A-49C6-AF99-DAA5D76403BA}"
EndProject
Project("{9A19103F-16F7-4668-BE54-9A1E7A4F7556}") = "Ars.Common.Host", "src\Ars.Commom.Host\Ars.Common.Host.csproj", "{F8738282-36CD-4929-88B6-03CFE9C2390A}"
EndProject
Project("{9A19103F-16F7-4668-BE54-9A1E7A4F7556}") = "Ars.Common.AutoFac", "src\Ars.Common.AutoFac\Ars.Common.AutoFac.csproj", "{50702031-8E91-4734-8577-64D5B32D15E2}"
EndProject
Project("{9A19103F-16F7-4668-BE54-9A1E7A4F7556}") = "Ars.Common.Consul", "src\Ars.Common.Consul\Ars.Common.Consul.csproj", "{63CD1F35-B451-44B5-8DC6-91D188522DC0}"
EndProject
Project("{9A19103F-16F7-4668-BE54-9A1E7A4F7556}") = "Ars.Common.Core", "src\Ars.Common.Core\Ars.Common.Core.csproj", "{1923F944-A24A-4B78-AFCE-BC60A4E5AF07}"
EndProject
Project("{9A19103F-16F7-4668-BE54-9A1E7A4F7556}") = "Ars.Common.EFCore", "src\Ars.Common.EFCore\Ars.Common.EFCore.csproj", "{6DE3B675-CB52-4CAA-B638-6E2BAB9C9E46}"
EndProject
Project("{9A19103F-16F7-4668-BE54-9A1E7A4F7556}") = "Ars.Common.IdentityServer4", "src\Ars.Common.IdentityServer4\Ars.Common.IdentityServer4.csproj", "{4788244D-632F-41C3-BD4E-A5A75B3E9736}"
EndProject
Project("{9A19103F-16F7-4668-BE54-9A1E7A4F7556}") = "Ars.Common.Redis", "src\Ars.Common.Redis\Ars.Common.Redis.csproj", "{3AA7747B-D655-4251-BCB7-69AA6BAB9014}"
EndProject
Project("{9A19103F-16F7-4668-BE54-9A1E7A4F7556}") = "ArsTest", "sample\UnitTest\ArsTest\ArsTest.csproj", "{C24C07F3-D48B-403C-ADCA-DEC5F64EE408}"
EndProject
Project("{9A19103F-16F7-4668-BE54-9A1E7A4F7556}") = "Ars.Common.SignalR", "src\Ars.Common.SignalR\Ars.Common.SignalR.csproj", "{7C8EC71E-DF20-479B-B577-FD695A6DE81D}"
EndProject
Project("{9A19103F-16F7-4668-BE54-9A1E7A4F7556}") = "Ars.Common.Email", "src\Ars.Commom.Email\Ars.Common.Email.csproj", "{051C9BA2-70DF-44EC-A5D2-EB21E91148D7}"
EndProject
Project("{9A19103F-16F7-4668-BE54-9A1E7A4F7556}") = "Ars.Common.SkyWalking", "src\Ars.Common.SkyWalking\Ars.Common.SkyWalking.csproj", "{C50C3A20-F439-484A-8A73-EE418F789AC0}"
EndProject
Project("{9A19103F-16F7-4668-BE54-9A1E7A4F7556}") = "ArsOperationTest", "sample\UnitTest\ArsOperationTest\ArsOperationTest.csproj", "{55D4320B-37D6-4C70-AEC7-0CA29AD75B46}"
EndProject
Project("{9A19103F-16F7-4668-BE54-9A1E7A4F7556}") = "Ars.Common.Cap", "src\Ars.Common.Cap\Ars.Common.Cap.csproj", "{5C2990BF-0518-43D8-ADDE-E593B24C474C}"
EndProject
Project("{2150E333-8FDC-42A3-9474-1A3956D46DE8}") = "core", "core", "{AB693CF8-D3C3-405A-929E-395C20BCF001}"
EndProject
Project("{2150E333-8FDC-42A3-9474-1A3956D46DE8}") = "microservices", "microservices", "{5D01468F-CE83-4AA5-9985-C7464F89E5D6}"
EndProject
Project("{2150E333-8FDC-42A3-9474-1A3956D46DE8}") = "extensions", "extensions", "{5C71F324-F6F3-40AE-B0B4-1D58A150AA93}"
EndProject
Project("{2150E333-8FDC-42A3-9474-1A3956D46DE8}") = "main", "main", "{4FA6596F-2E6E-4DED-99F4-454896520D75}"
EndProject
Project("{9A19103F-16F7-4668-BE54-9A1E7A4F7556}") = "ArsWebApiService", "sample\ArsWebApiService\ArsWebApiService.csproj", "{B2AB8210-6720-4D9A-95C6-310308996C36}"
EndProject
Project("{9A19103F-16F7-4668-BE54-9A1E7A4F7556}") = "ArsIdentityService4Server", "sample\ArsIdentityService4Server\ArsIdentityService4Server.csproj", "{D8C55CC7-CDAF-4BE2-B9BC-5625800DC27D}"
EndProject
Project("{2150E333-8FDC-42A3-9474-1A3956D46DE8}") = "extensions", "extensions", "{0ACAAD22-6E7F-4C31-B51D-D2BDABEDFC24}"
EndProject
Project("{2150E333-8FDC-42A3-9474-1A3956D46DE8}") = "Grpc", "Grpc", "{9B78AA45-88FB-4FAC-9FBA-D5E5DE52032E}"
EndProject
Project("{2150E333-8FDC-42A3-9474-1A3956D46DE8}") = "IdentityServer4", "IdentityServer4", "{7C44DB00-B4C7-4B1C-82CD-58CFDB29F4BC}"
EndProject
Project("{9A19103F-16F7-4668-BE54-9A1E7A4F7556}") = "ArsAuthorizationCodeClient", "sample\ArsAuthorizationCodeClient\ArsAuthorizationCodeClient.csproj", "{932D4606-A486-4D12-8A69-FDD7D0618A38}"
EndProject
Project("{2150E333-8FDC-42A3-9474-1A3956D46DE8}") = "FastReport", "FastReport", "{49ABE355-BA02-48D5-A373-8373A39ED7BF}"
EndProject
Project("{9A19103F-16F7-4668-BE54-9A1E7A4F7556}") = "ArsGrpcService", "sample\ArsGrpcService\ArsGrpcService.csproj", "{C158856C-2FA1-4D2E-941D-89C155D6799B}"
EndProject
Project("{9A19103F-16F7-4668-BE54-9A1E7A4F7556}") = "ArsWebApiGrpcService", "sample\ArsWebApiGrpcService\ArsWebApiGrpcService.csproj", "{6E8494F0-0C8A-4B42-A303-C22D7F0AA0F9}"
EndProject
Project("{9A19103F-16F7-4668-BE54-9A1E7A4F7556}") = "ArsGrpcClient", "sample\ArsGrpcClient\ArsGrpcClient.csproj", "{C70E785A-5FCB-4CE2-9307-4E48A95BEA01}"
EndProject
Project("{9A19103F-16F7-4668-BE54-9A1E7A4F7556}") = "ArsFastReportClient", "sample\ArsFastReportClient\ArsFastReportClient.csproj", "{DC0101A1-8FFD-44FB-A235-A07CE0C1A1EF}"
EndProject
Project("{2150E333-8FDC-42A3-9474-1A3956D46DE8}") = "SignalR", "SignalR", "{0FCB1A93-74A1-4AA2-A63E-132620B68C9A}"
EndProject
Project("{9A19103F-16F7-4668-BE54-9A1E7A4F7556}") = "ArsSignalRClient", "sample\ArsSignalRClient\ArsSignalRClient.csproj", "{DB0C699A-F93C-4CAE-835D-CED5F36C3609}"
EndProject
Project("{2150E333-8FDC-42A3-9474-1A3956D46DE8}") = "Localization", "Localization", "{7DDDB567-2C13-46A2-B22C-E93E3B72A38F}"
EndProject
Project("{9A19103F-16F7-4668-BE54-9A1E7A4F7556}") = "ArsLocalizationClient", "sample\ArsLocalizationClient\ArsLocalizationClient.csproj", "{AC946EDE-DF4C-4308-A426-1E0B429FB4F3}"
EndProject
Project("{9A19103F-16F7-4668-BE54-9A1E7A4F7556}") = "ArsIdentityWithGitHubClient", "sample\ArsIdentityWithGithubClient\ArsIdentityWithGitHubClient.csproj", "{5C851294-B88A-416C-982D-D1E886F0733E}"
EndProject
Project("{9A19103F-16F7-4668-BE54-9A1E7A4F7556}") = "Ars.Common.Tool", "src\Ars.Commom.Tool\Ars.Common.Tool.csproj", "{6A100274-136D-4AA5-9AE1-7D5EB80DC1A0}"
EndProject
Project("{9A19103F-16F7-4668-BE54-9A1E7A4F7556}") = "Ars.Common.Ocelot", "src\Ars.Common.Ocelot\Ars.Common.Ocelot.csproj", "{EC26DBC4-8EE9-4F49-9C5D-6A109FAF5BBD}"
EndProject
Project("{9A19103F-16F7-4668-BE54-9A1E7A4F7556}") = "ArsApiGateway", "sample\ArsApiGateway\ArsApiGateway.csproj", "{23962606-A2E0-42CA-B3DD-BE28AC6C1C4F}"
EndProject
Global
	GlobalSection(SolutionConfigurationPlatforms) = preSolution
		Debug|Any CPU = Debug|Any CPU
		Release|Any CPU = Release|Any CPU
	EndGlobalSection
	GlobalSection(ProjectConfigurationPlatforms) = postSolution
		{F8738282-36CD-4929-88B6-03CFE9C2390A}.Debug|Any CPU.ActiveCfg = Debug|Any CPU
		{F8738282-36CD-4929-88B6-03CFE9C2390A}.Debug|Any CPU.Build.0 = Debug|Any CPU
		{F8738282-36CD-4929-88B6-03CFE9C2390A}.Release|Any CPU.ActiveCfg = Release|Any CPU
		{F8738282-36CD-4929-88B6-03CFE9C2390A}.Release|Any CPU.Build.0 = Release|Any CPU
		{50702031-8E91-4734-8577-64D5B32D15E2}.Debug|Any CPU.ActiveCfg = Debug|Any CPU
		{50702031-8E91-4734-8577-64D5B32D15E2}.Debug|Any CPU.Build.0 = Debug|Any CPU
		{50702031-8E91-4734-8577-64D5B32D15E2}.Release|Any CPU.ActiveCfg = Release|Any CPU
		{50702031-8E91-4734-8577-64D5B32D15E2}.Release|Any CPU.Build.0 = Release|Any CPU
		{63CD1F35-B451-44B5-8DC6-91D188522DC0}.Debug|Any CPU.ActiveCfg = Debug|Any CPU
		{63CD1F35-B451-44B5-8DC6-91D188522DC0}.Debug|Any CPU.Build.0 = Debug|Any CPU
		{63CD1F35-B451-44B5-8DC6-91D188522DC0}.Release|Any CPU.ActiveCfg = Release|Any CPU
		{63CD1F35-B451-44B5-8DC6-91D188522DC0}.Release|Any CPU.Build.0 = Release|Any CPU
		{1923F944-A24A-4B78-AFCE-BC60A4E5AF07}.Debug|Any CPU.ActiveCfg = Debug|Any CPU
		{1923F944-A24A-4B78-AFCE-BC60A4E5AF07}.Debug|Any CPU.Build.0 = Debug|Any CPU
		{1923F944-A24A-4B78-AFCE-BC60A4E5AF07}.Release|Any CPU.ActiveCfg = Release|Any CPU
		{1923F944-A24A-4B78-AFCE-BC60A4E5AF07}.Release|Any CPU.Build.0 = Release|Any CPU
		{6DE3B675-CB52-4CAA-B638-6E2BAB9C9E46}.Debug|Any CPU.ActiveCfg = Debug|Any CPU
		{6DE3B675-CB52-4CAA-B638-6E2BAB9C9E46}.Debug|Any CPU.Build.0 = Debug|Any CPU
		{6DE3B675-CB52-4CAA-B638-6E2BAB9C9E46}.Release|Any CPU.ActiveCfg = Release|Any CPU
		{6DE3B675-CB52-4CAA-B638-6E2BAB9C9E46}.Release|Any CPU.Build.0 = Release|Any CPU
		{4788244D-632F-41C3-BD4E-A5A75B3E9736}.Debug|Any CPU.ActiveCfg = Debug|Any CPU
		{4788244D-632F-41C3-BD4E-A5A75B3E9736}.Debug|Any CPU.Build.0 = Debug|Any CPU
		{4788244D-632F-41C3-BD4E-A5A75B3E9736}.Release|Any CPU.ActiveCfg = Release|Any CPU
		{4788244D-632F-41C3-BD4E-A5A75B3E9736}.Release|Any CPU.Build.0 = Release|Any CPU
		{3AA7747B-D655-4251-BCB7-69AA6BAB9014}.Debug|Any CPU.ActiveCfg = Debug|Any CPU
		{3AA7747B-D655-4251-BCB7-69AA6BAB9014}.Debug|Any CPU.Build.0 = Debug|Any CPU
		{3AA7747B-D655-4251-BCB7-69AA6BAB9014}.Release|Any CPU.ActiveCfg = Release|Any CPU
		{3AA7747B-D655-4251-BCB7-69AA6BAB9014}.Release|Any CPU.Build.0 = Release|Any CPU
		{C24C07F3-D48B-403C-ADCA-DEC5F64EE408}.Debug|Any CPU.ActiveCfg = Debug|Any CPU
		{C24C07F3-D48B-403C-ADCA-DEC5F64EE408}.Debug|Any CPU.Build.0 = Debug|Any CPU
		{C24C07F3-D48B-403C-ADCA-DEC5F64EE408}.Release|Any CPU.ActiveCfg = Release|Any CPU
		{C24C07F3-D48B-403C-ADCA-DEC5F64EE408}.Release|Any CPU.Build.0 = Release|Any CPU
		{7C8EC71E-DF20-479B-B577-FD695A6DE81D}.Debug|Any CPU.ActiveCfg = Debug|Any CPU
		{7C8EC71E-DF20-479B-B577-FD695A6DE81D}.Debug|Any CPU.Build.0 = Debug|Any CPU
		{7C8EC71E-DF20-479B-B577-FD695A6DE81D}.Release|Any CPU.ActiveCfg = Release|Any CPU
		{7C8EC71E-DF20-479B-B577-FD695A6DE81D}.Release|Any CPU.Build.0 = Release|Any CPU
		{051C9BA2-70DF-44EC-A5D2-EB21E91148D7}.Debug|Any CPU.ActiveCfg = Debug|Any CPU
		{051C9BA2-70DF-44EC-A5D2-EB21E91148D7}.Debug|Any CPU.Build.0 = Debug|Any CPU
		{051C9BA2-70DF-44EC-A5D2-EB21E91148D7}.Release|Any CPU.ActiveCfg = Release|Any CPU
		{051C9BA2-70DF-44EC-A5D2-EB21E91148D7}.Release|Any CPU.Build.0 = Release|Any CPU
		{C50C3A20-F439-484A-8A73-EE418F789AC0}.Debug|Any CPU.ActiveCfg = Debug|Any CPU
		{C50C3A20-F439-484A-8A73-EE418F789AC0}.Debug|Any CPU.Build.0 = Debug|Any CPU
		{C50C3A20-F439-484A-8A73-EE418F789AC0}.Release|Any CPU.ActiveCfg = Release|Any CPU
		{C50C3A20-F439-484A-8A73-EE418F789AC0}.Release|Any CPU.Build.0 = Release|Any CPU
		{55D4320B-37D6-4C70-AEC7-0CA29AD75B46}.Debug|Any CPU.ActiveCfg = Debug|Any CPU
		{55D4320B-37D6-4C70-AEC7-0CA29AD75B46}.Debug|Any CPU.Build.0 = Debug|Any CPU
		{55D4320B-37D6-4C70-AEC7-0CA29AD75B46}.Release|Any CPU.ActiveCfg = Release|Any CPU
		{55D4320B-37D6-4C70-AEC7-0CA29AD75B46}.Release|Any CPU.Build.0 = Release|Any CPU
		{5C2990BF-0518-43D8-ADDE-E593B24C474C}.Debug|Any CPU.ActiveCfg = Debug|Any CPU
		{5C2990BF-0518-43D8-ADDE-E593B24C474C}.Debug|Any CPU.Build.0 = Debug|Any CPU
		{5C2990BF-0518-43D8-ADDE-E593B24C474C}.Release|Any CPU.ActiveCfg = Release|Any CPU
		{5C2990BF-0518-43D8-ADDE-E593B24C474C}.Release|Any CPU.Build.0 = Release|Any CPU
		{B2AB8210-6720-4D9A-95C6-310308996C36}.Debug|Any CPU.ActiveCfg = Debug|Any CPU
		{B2AB8210-6720-4D9A-95C6-310308996C36}.Debug|Any CPU.Build.0 = Debug|Any CPU
		{B2AB8210-6720-4D9A-95C6-310308996C36}.Release|Any CPU.ActiveCfg = Release|Any CPU
		{B2AB8210-6720-4D9A-95C6-310308996C36}.Release|Any CPU.Build.0 = Release|Any CPU
		{D8C55CC7-CDAF-4BE2-B9BC-5625800DC27D}.Debug|Any CPU.ActiveCfg = Debug|Any CPU
		{D8C55CC7-CDAF-4BE2-B9BC-5625800DC27D}.Debug|Any CPU.Build.0 = Debug|Any CPU
		{D8C55CC7-CDAF-4BE2-B9BC-5625800DC27D}.Release|Any CPU.ActiveCfg = Release|Any CPU
		{D8C55CC7-CDAF-4BE2-B9BC-5625800DC27D}.Release|Any CPU.Build.0 = Release|Any CPU
		{932D4606-A486-4D12-8A69-FDD7D0618A38}.Debug|Any CPU.ActiveCfg = Debug|Any CPU
		{932D4606-A486-4D12-8A69-FDD7D0618A38}.Debug|Any CPU.Build.0 = Debug|Any CPU
		{932D4606-A486-4D12-8A69-FDD7D0618A38}.Release|Any CPU.ActiveCfg = Release|Any CPU
		{932D4606-A486-4D12-8A69-FDD7D0618A38}.Release|Any CPU.Build.0 = Release|Any CPU
		{C158856C-2FA1-4D2E-941D-89C155D6799B}.Debug|Any CPU.ActiveCfg = Debug|Any CPU
		{C158856C-2FA1-4D2E-941D-89C155D6799B}.Debug|Any CPU.Build.0 = Debug|Any CPU
		{C158856C-2FA1-4D2E-941D-89C155D6799B}.Release|Any CPU.ActiveCfg = Release|Any CPU
		{C158856C-2FA1-4D2E-941D-89C155D6799B}.Release|Any CPU.Build.0 = Release|Any CPU
		{6E8494F0-0C8A-4B42-A303-C22D7F0AA0F9}.Debug|Any CPU.ActiveCfg = Debug|Any CPU
		{6E8494F0-0C8A-4B42-A303-C22D7F0AA0F9}.Debug|Any CPU.Build.0 = Debug|Any CPU
		{6E8494F0-0C8A-4B42-A303-C22D7F0AA0F9}.Release|Any CPU.ActiveCfg = Release|Any CPU
		{6E8494F0-0C8A-4B42-A303-C22D7F0AA0F9}.Release|Any CPU.Build.0 = Release|Any CPU
		{C70E785A-5FCB-4CE2-9307-4E48A95BEA01}.Debug|Any CPU.ActiveCfg = Debug|Any CPU
		{C70E785A-5FCB-4CE2-9307-4E48A95BEA01}.Debug|Any CPU.Build.0 = Debug|Any CPU
		{C70E785A-5FCB-4CE2-9307-4E48A95BEA01}.Release|Any CPU.ActiveCfg = Release|Any CPU
		{C70E785A-5FCB-4CE2-9307-4E48A95BEA01}.Release|Any CPU.Build.0 = Release|Any CPU
		{DC0101A1-8FFD-44FB-A235-A07CE0C1A1EF}.Debug|Any CPU.ActiveCfg = Debug|Any CPU
		{DC0101A1-8FFD-44FB-A235-A07CE0C1A1EF}.Debug|Any CPU.Build.0 = Debug|Any CPU
		{DC0101A1-8FFD-44FB-A235-A07CE0C1A1EF}.Release|Any CPU.ActiveCfg = Release|Any CPU
		{DC0101A1-8FFD-44FB-A235-A07CE0C1A1EF}.Release|Any CPU.Build.0 = Release|Any CPU
		{DB0C699A-F93C-4CAE-835D-CED5F36C3609}.Debug|Any CPU.ActiveCfg = Debug|Any CPU
		{DB0C699A-F93C-4CAE-835D-CED5F36C3609}.Debug|Any CPU.Build.0 = Debug|Any CPU
		{DB0C699A-F93C-4CAE-835D-CED5F36C3609}.Release|Any CPU.ActiveCfg = Release|Any CPU
		{DB0C699A-F93C-4CAE-835D-CED5F36C3609}.Release|Any CPU.Build.0 = Release|Any CPU
		{AC946EDE-DF4C-4308-A426-1E0B429FB4F3}.Debug|Any CPU.ActiveCfg = Debug|Any CPU
		{AC946EDE-DF4C-4308-A426-1E0B429FB4F3}.Debug|Any CPU.Build.0 = Debug|Any CPU
		{AC946EDE-DF4C-4308-A426-1E0B429FB4F3}.Release|Any CPU.ActiveCfg = Release|Any CPU
		{AC946EDE-DF4C-4308-A426-1E0B429FB4F3}.Release|Any CPU.Build.0 = Release|Any CPU
		{5C851294-B88A-416C-982D-D1E886F0733E}.Debug|Any CPU.ActiveCfg = Debug|Any CPU
		{5C851294-B88A-416C-982D-D1E886F0733E}.Debug|Any CPU.Build.0 = Debug|Any CPU
		{5C851294-B88A-416C-982D-D1E886F0733E}.Release|Any CPU.ActiveCfg = Release|Any CPU
		{5C851294-B88A-416C-982D-D1E886F0733E}.Release|Any CPU.Build.0 = Release|Any CPU
		{6A100274-136D-4AA5-9AE1-7D5EB80DC1A0}.Debug|Any CPU.ActiveCfg = Debug|Any CPU
		{6A100274-136D-4AA5-9AE1-7D5EB80DC1A0}.Debug|Any CPU.Build.0 = Debug|Any CPU
		{6A100274-136D-4AA5-9AE1-7D5EB80DC1A0}.Release|Any CPU.ActiveCfg = Release|Any CPU
		{6A100274-136D-4AA5-9AE1-7D5EB80DC1A0}.Release|Any CPU.Build.0 = Release|Any CPU
		{EC26DBC4-8EE9-4F49-9C5D-6A109FAF5BBD}.Debug|Any CPU.ActiveCfg = Debug|Any CPU
		{EC26DBC4-8EE9-4F49-9C5D-6A109FAF5BBD}.Debug|Any CPU.Build.0 = Debug|Any CPU
		{EC26DBC4-8EE9-4F49-9C5D-6A109FAF5BBD}.Release|Any CPU.ActiveCfg = Release|Any CPU
		{EC26DBC4-8EE9-4F49-9C5D-6A109FAF5BBD}.Release|Any CPU.Build.0 = Release|Any CPU
		{23962606-A2E0-42CA-B3DD-BE28AC6C1C4F}.Debug|Any CPU.ActiveCfg = Debug|Any CPU
		{23962606-A2E0-42CA-B3DD-BE28AC6C1C4F}.Debug|Any CPU.Build.0 = Debug|Any CPU
		{23962606-A2E0-42CA-B3DD-BE28AC6C1C4F}.Release|Any CPU.ActiveCfg = Release|Any CPU
		{23962606-A2E0-42CA-B3DD-BE28AC6C1C4F}.Release|Any CPU.Build.0 = Release|Any CPU
	EndGlobalSection
	GlobalSection(SolutionProperties) = preSolution
		HideSolutionNode = FALSE
	EndGlobalSection
	GlobalSection(NestedProjects) = preSolution
		{BB571396-6218-46FE-A57F-17C5C8045122} = {9448131F-505A-49C6-AF99-DAA5D76403BA}
		{F8738282-36CD-4929-88B6-03CFE9C2390A} = {AB693CF8-D3C3-405A-929E-395C20BCF001}
		{50702031-8E91-4734-8577-64D5B32D15E2} = {AB693CF8-D3C3-405A-929E-395C20BCF001}
		{63CD1F35-B451-44B5-8DC6-91D188522DC0} = {5D01468F-CE83-4AA5-9985-C7464F89E5D6}
		{1923F944-A24A-4B78-AFCE-BC60A4E5AF07} = {AB693CF8-D3C3-405A-929E-395C20BCF001}
		{6DE3B675-CB52-4CAA-B638-6E2BAB9C9E46} = {5C71F324-F6F3-40AE-B0B4-1D58A150AA93}
		{4788244D-632F-41C3-BD4E-A5A75B3E9736} = {5C71F324-F6F3-40AE-B0B4-1D58A150AA93}
		{3AA7747B-D655-4251-BCB7-69AA6BAB9014} = {5C71F324-F6F3-40AE-B0B4-1D58A150AA93}
		{C24C07F3-D48B-403C-ADCA-DEC5F64EE408} = {BB571396-6218-46FE-A57F-17C5C8045122}
		{7C8EC71E-DF20-479B-B577-FD695A6DE81D} = {5C71F324-F6F3-40AE-B0B4-1D58A150AA93}
		{051C9BA2-70DF-44EC-A5D2-EB21E91148D7} = {5C71F324-F6F3-40AE-B0B4-1D58A150AA93}
		{C50C3A20-F439-484A-8A73-EE418F789AC0} = {5D01468F-CE83-4AA5-9985-C7464F89E5D6}
		{55D4320B-37D6-4C70-AEC7-0CA29AD75B46} = {BB571396-6218-46FE-A57F-17C5C8045122}
		{5C2990BF-0518-43D8-ADDE-E593B24C474C} = {5D01468F-CE83-4AA5-9985-C7464F89E5D6}
		{AB693CF8-D3C3-405A-929E-395C20BCF001} = {36A60E20-28A2-48FE-AC50-06B958238505}
		{5D01468F-CE83-4AA5-9985-C7464F89E5D6} = {36A60E20-28A2-48FE-AC50-06B958238505}
		{5C71F324-F6F3-40AE-B0B4-1D58A150AA93} = {36A60E20-28A2-48FE-AC50-06B958238505}
		{4FA6596F-2E6E-4DED-99F4-454896520D75} = {9448131F-505A-49C6-AF99-DAA5D76403BA}
		{B2AB8210-6720-4D9A-95C6-310308996C36} = {4FA6596F-2E6E-4DED-99F4-454896520D75}
		{D8C55CC7-CDAF-4BE2-B9BC-5625800DC27D} = {4FA6596F-2E6E-4DED-99F4-454896520D75}
		{0ACAAD22-6E7F-4C31-B51D-D2BDABEDFC24} = {9448131F-505A-49C6-AF99-DAA5D76403BA}
		{9B78AA45-88FB-4FAC-9FBA-D5E5DE52032E} = {0ACAAD22-6E7F-4C31-B51D-D2BDABEDFC24}
		{7C44DB00-B4C7-4B1C-82CD-58CFDB29F4BC} = {0ACAAD22-6E7F-4C31-B51D-D2BDABEDFC24}
		{932D4606-A486-4D12-8A69-FDD7D0618A38} = {7C44DB00-B4C7-4B1C-82CD-58CFDB29F4BC}
		{49ABE355-BA02-48D5-A373-8373A39ED7BF} = {0ACAAD22-6E7F-4C31-B51D-D2BDABEDFC24}
		{C158856C-2FA1-4D2E-941D-89C155D6799B} = {9B78AA45-88FB-4FAC-9FBA-D5E5DE52032E}
		{6E8494F0-0C8A-4B42-A303-C22D7F0AA0F9} = {9B78AA45-88FB-4FAC-9FBA-D5E5DE52032E}
		{C70E785A-5FCB-4CE2-9307-4E48A95BEA01} = {9B78AA45-88FB-4FAC-9FBA-D5E5DE52032E}
		{DC0101A1-8FFD-44FB-A235-A07CE0C1A1EF} = {49ABE355-BA02-48D5-A373-8373A39ED7BF}
		{0FCB1A93-74A1-4AA2-A63E-132620B68C9A} = {0ACAAD22-6E7F-4C31-B51D-D2BDABEDFC24}
		{DB0C699A-F93C-4CAE-835D-CED5F36C3609} = {0FCB1A93-74A1-4AA2-A63E-132620B68C9A}
		{7DDDB567-2C13-46A2-B22C-E93E3B72A38F} = {0ACAAD22-6E7F-4C31-B51D-D2BDABEDFC24}
		{AC946EDE-DF4C-4308-A426-1E0B429FB4F3} = {7DDDB567-2C13-46A2-B22C-E93E3B72A38F}
		{5C851294-B88A-416C-982D-D1E886F0733E} = {7C44DB00-B4C7-4B1C-82CD-58CFDB29F4BC}
		{6A100274-136D-4AA5-9AE1-7D5EB80DC1A0} = {AB693CF8-D3C3-405A-929E-395C20BCF001}
		{EC26DBC4-8EE9-4F49-9C5D-6A109FAF5BBD} = {5D01468F-CE83-4AA5-9985-C7464F89E5D6}
		{23962606-A2E0-42CA-B3DD-BE28AC6C1C4F} = {4FA6596F-2E6E-4DED-99F4-454896520D75}
	EndGlobalSection
	GlobalSection(ExtensibilityGlobals) = postSolution
		SolutionGuid = {C746BF35-557D-47FE-87EF-226D0A7C8757}
	EndGlobalSection
EndGlobal
