
Microsoft Visual Studio Solution File, Format Version 12.00
# Visual Studio Version 17
VisualStudioVersion = 17.0.31903.59
MinimumVisualStudioVersion = 10.0.40219.1
Project("{2150E333-8FDC-42A3-9474-1A3956D46DE8}") = "Ars.Common", "Ars.Common", "{E2E4C7C8-766B-4DA7-A40A-9A4E1A538A1A}"
EndProject
Project("{9A19103F-16F7-4668-BE54-9A1E7A4F7556}") = "ElasticsearchDemo", "ElasticsearchDemo\ElasticsearchDemo.csproj", "{5177CB18-42A9-498A-9183-4B50DBE5F215}"
EndProject
Project("{9A19103F-16F7-4668-BE54-9A1E7A4F7556}") = "ElasticsearchUtil", "ElasticsearchUtil\ElasticsearchUtil.csproj", "{908D1D65-613D-4EA2-B09F-E65CB11DAF56}"
EndProject
Project("{9A19103F-16F7-4668-BE54-9A1E7A4F7556}") = "Ars.Commom.Tool", "MyArsenal.Commom.Tool\Ars.Commom.Tool.csproj", "{51F918FC-2045-47EC-B1DE-9D72AD7666BE}"
EndProject
Project("{9A19103F-16F7-4668-BE54-9A1E7A4F7556}") = "ExpressionDemo", "ExpressionDemo\ExpressionDemo.csproj", "{BB5B5844-9465-4B5B-B62F-B5EF8460514F}"
EndProject
Project("{9A19103F-16F7-4668-BE54-9A1E7A4F7556}") = "MyArsenalWebApi", "MyArsenalWebApi\MyArsenalWebApi.csproj", "{2C9D310B-1346-4F4E-86A9-C1E176CAD9B7}"
EndProject
Project("{9A19103F-16F7-4668-BE54-9A1E7A4F7556}") = "GrpcGreeterService", "GrpcGreeter\GrpcGreeterService.csproj", "{5FDDDB34-7A3B-4DCD-91CD-90F8FD6F12EF}"
EndProject
Project("{9A19103F-16F7-4668-BE54-9A1E7A4F7556}") = "MyIdentittServer4", "MyIdentittServer4\MyIdentittServer4.csproj", "{5A49E7C5-7F03-49DD-BA5D-67C0C910D8D8}"
EndProject
Project("{9A19103F-16F7-4668-BE54-9A1E7A4F7556}") = "MyIdentityWithGithub", "MyWebApi\MyIdentityWithGithub.csproj", "{B09113AC-0C82-41D3-85A5-44FBE12BF11A}"
EndProject
Project("{2150E333-8FDC-42A3-9474-1A3956D46DE8}") = ".net6", ".net6", "{36A60E20-28A2-48FE-AC50-06B958238505}"
EndProject
Project("{2150E333-8FDC-42A3-9474-1A3956D46DE8}") = "Grpc", "Grpc", "{2E921EA3-943D-41D4-8172-AE64DBE2C6EF}"
EndProject
Project("{2150E333-8FDC-42A3-9474-1A3956D46DE8}") = "IdentityServer4", "IdentityServer4", "{3C95177C-1110-468A-B667-0E15027EAE9E}"
EndProject
Project("{9A19103F-16F7-4668-BE54-9A1E7A4F7556}") = "GrpcClient", "GrpcClient\GrpcClient.csproj", "{EDD61243-2F04-42A5-9432-E13838283289}"
EndProject
Project("{2150E333-8FDC-42A3-9474-1A3956D46DE8}") = "Email", "Email", "{7FA96FC9-5D9D-41AD-AB02-4958CD4A561E}"
EndProject
Project("{9A19103F-16F7-4668-BE54-9A1E7A4F7556}") = "Ars.Commom.Email", "Ars.Commom.Email\Ars.Commom.Email.csproj", "{0313BFBB-210A-4A24-8CB9-476699221EF0}"
EndProject
Project("{2150E333-8FDC-42A3-9474-1A3956D46DE8}") = "UnitTest", "UnitTest", "{BB571396-6218-46FE-A57F-17C5C8045122}"
EndProject
Project("{9A19103F-16F7-4668-BE54-9A1E7A4F7556}") = "ArsTest", "ArsTest\ArsTest.csproj", "{EF359E67-D7D0-48D6-9765-6CA475AFE98D}"
EndProject
Project("{2150E333-8FDC-42A3-9474-1A3956D46DE8}") = "Localization", "Localization", "{F9DC6E83-B8A0-48E8-AF6E-27D8B1DA7FF5}"
EndProject
Project("{9A19103F-16F7-4668-BE54-9A1E7A4F7556}") = "ArsMvcApp", "ArsMvcApp\ArsMvcApp.csproj", "{E0C26255-314C-4575-AB9C-E0E0920F73C2}"
EndProject
Global
	GlobalSection(SolutionConfigurationPlatforms) = preSolution
		Debug|Any CPU = Debug|Any CPU
		Release|Any CPU = Release|Any CPU
	EndGlobalSection
	GlobalSection(ProjectConfigurationPlatforms) = postSolution
		{5177CB18-42A9-498A-9183-4B50DBE5F215}.Debug|Any CPU.ActiveCfg = Debug|Any CPU
		{5177CB18-42A9-498A-9183-4B50DBE5F215}.Debug|Any CPU.Build.0 = Debug|Any CPU
		{5177CB18-42A9-498A-9183-4B50DBE5F215}.Release|Any CPU.ActiveCfg = Release|Any CPU
		{5177CB18-42A9-498A-9183-4B50DBE5F215}.Release|Any CPU.Build.0 = Release|Any CPU
		{908D1D65-613D-4EA2-B09F-E65CB11DAF56}.Debug|Any CPU.ActiveCfg = Debug|Any CPU
		{908D1D65-613D-4EA2-B09F-E65CB11DAF56}.Debug|Any CPU.Build.0 = Debug|Any CPU
		{908D1D65-613D-4EA2-B09F-E65CB11DAF56}.Release|Any CPU.ActiveCfg = Release|Any CPU
		{908D1D65-613D-4EA2-B09F-E65CB11DAF56}.Release|Any CPU.Build.0 = Release|Any CPU
		{51F918FC-2045-47EC-B1DE-9D72AD7666BE}.Debug|Any CPU.ActiveCfg = Debug|Any CPU
		{51F918FC-2045-47EC-B1DE-9D72AD7666BE}.Debug|Any CPU.Build.0 = Debug|Any CPU
		{51F918FC-2045-47EC-B1DE-9D72AD7666BE}.Release|Any CPU.ActiveCfg = Release|Any CPU
		{51F918FC-2045-47EC-B1DE-9D72AD7666BE}.Release|Any CPU.Build.0 = Release|Any CPU
		{BB5B5844-9465-4B5B-B62F-B5EF8460514F}.Debug|Any CPU.ActiveCfg = Debug|Any CPU
		{BB5B5844-9465-4B5B-B62F-B5EF8460514F}.Debug|Any CPU.Build.0 = Debug|Any CPU
		{BB5B5844-9465-4B5B-B62F-B5EF8460514F}.Release|Any CPU.ActiveCfg = Release|Any CPU
		{BB5B5844-9465-4B5B-B62F-B5EF8460514F}.Release|Any CPU.Build.0 = Release|Any CPU
		{2C9D310B-1346-4F4E-86A9-C1E176CAD9B7}.Debug|Any CPU.ActiveCfg = Debug|Any CPU
		{2C9D310B-1346-4F4E-86A9-C1E176CAD9B7}.Debug|Any CPU.Build.0 = Debug|Any CPU
		{2C9D310B-1346-4F4E-86A9-C1E176CAD9B7}.Release|Any CPU.ActiveCfg = Release|Any CPU
		{2C9D310B-1346-4F4E-86A9-C1E176CAD9B7}.Release|Any CPU.Build.0 = Release|Any CPU
		{5FDDDB34-7A3B-4DCD-91CD-90F8FD6F12EF}.Debug|Any CPU.ActiveCfg = Debug|Any CPU
		{5FDDDB34-7A3B-4DCD-91CD-90F8FD6F12EF}.Debug|Any CPU.Build.0 = Debug|Any CPU
		{5FDDDB34-7A3B-4DCD-91CD-90F8FD6F12EF}.Release|Any CPU.ActiveCfg = Release|Any CPU
		{5FDDDB34-7A3B-4DCD-91CD-90F8FD6F12EF}.Release|Any CPU.Build.0 = Release|Any CPU
		{5A49E7C5-7F03-49DD-BA5D-67C0C910D8D8}.Debug|Any CPU.ActiveCfg = Debug|Any CPU
		{5A49E7C5-7F03-49DD-BA5D-67C0C910D8D8}.Debug|Any CPU.Build.0 = Debug|Any CPU
		{5A49E7C5-7F03-49DD-BA5D-67C0C910D8D8}.Release|Any CPU.ActiveCfg = Release|Any CPU
		{5A49E7C5-7F03-49DD-BA5D-67C0C910D8D8}.Release|Any CPU.Build.0 = Release|Any CPU
		{B09113AC-0C82-41D3-85A5-44FBE12BF11A}.Debug|Any CPU.ActiveCfg = Debug|Any CPU
		{B09113AC-0C82-41D3-85A5-44FBE12BF11A}.Debug|Any CPU.Build.0 = Debug|Any CPU
		{B09113AC-0C82-41D3-85A5-44FBE12BF11A}.Release|Any CPU.ActiveCfg = Release|Any CPU
		{B09113AC-0C82-41D3-85A5-44FBE12BF11A}.Release|Any CPU.Build.0 = Release|Any CPU
		{EDD61243-2F04-42A5-9432-E13838283289}.Debug|Any CPU.ActiveCfg = Debug|Any CPU
		{EDD61243-2F04-42A5-9432-E13838283289}.Debug|Any CPU.Build.0 = Debug|Any CPU
		{EDD61243-2F04-42A5-9432-E13838283289}.Release|Any CPU.ActiveCfg = Release|Any CPU
		{EDD61243-2F04-42A5-9432-E13838283289}.Release|Any CPU.Build.0 = Release|Any CPU
		{0313BFBB-210A-4A24-8CB9-476699221EF0}.Debug|Any CPU.ActiveCfg = Debug|Any CPU
		{0313BFBB-210A-4A24-8CB9-476699221EF0}.Debug|Any CPU.Build.0 = Debug|Any CPU
		{0313BFBB-210A-4A24-8CB9-476699221EF0}.Release|Any CPU.ActiveCfg = Release|Any CPU
		{0313BFBB-210A-4A24-8CB9-476699221EF0}.Release|Any CPU.Build.0 = Release|Any CPU
		{EF359E67-D7D0-48D6-9765-6CA475AFE98D}.Debug|Any CPU.ActiveCfg = Debug|Any CPU
		{EF359E67-D7D0-48D6-9765-6CA475AFE98D}.Debug|Any CPU.Build.0 = Debug|Any CPU
		{EF359E67-D7D0-48D6-9765-6CA475AFE98D}.Release|Any CPU.ActiveCfg = Release|Any CPU
		{EF359E67-D7D0-48D6-9765-6CA475AFE98D}.Release|Any CPU.Build.0 = Release|Any CPU
		{E0C26255-314C-4575-AB9C-E0E0920F73C2}.Debug|Any CPU.ActiveCfg = Debug|Any CPU
		{E0C26255-314C-4575-AB9C-E0E0920F73C2}.Debug|Any CPU.Build.0 = Debug|Any CPU
		{E0C26255-314C-4575-AB9C-E0E0920F73C2}.Release|Any CPU.ActiveCfg = Release|Any CPU
		{E0C26255-314C-4575-AB9C-E0E0920F73C2}.Release|Any CPU.Build.0 = Release|Any CPU
	EndGlobalSection
	GlobalSection(SolutionProperties) = preSolution
		HideSolutionNode = FALSE
	EndGlobalSection
	GlobalSection(NestedProjects) = preSolution
		{5177CB18-42A9-498A-9183-4B50DBE5F215} = {E2E4C7C8-766B-4DA7-A40A-9A4E1A538A1A}
		{908D1D65-613D-4EA2-B09F-E65CB11DAF56} = {E2E4C7C8-766B-4DA7-A40A-9A4E1A538A1A}
		{51F918FC-2045-47EC-B1DE-9D72AD7666BE} = {E2E4C7C8-766B-4DA7-A40A-9A4E1A538A1A}
		{BB5B5844-9465-4B5B-B62F-B5EF8460514F} = {E2E4C7C8-766B-4DA7-A40A-9A4E1A538A1A}
		{2C9D310B-1346-4F4E-86A9-C1E176CAD9B7} = {E2E4C7C8-766B-4DA7-A40A-9A4E1A538A1A}
		{5FDDDB34-7A3B-4DCD-91CD-90F8FD6F12EF} = {2E921EA3-943D-41D4-8172-AE64DBE2C6EF}
		{5A49E7C5-7F03-49DD-BA5D-67C0C910D8D8} = {3C95177C-1110-468A-B667-0E15027EAE9E}
		{B09113AC-0C82-41D3-85A5-44FBE12BF11A} = {3C95177C-1110-468A-B667-0E15027EAE9E}
		{2E921EA3-943D-41D4-8172-AE64DBE2C6EF} = {36A60E20-28A2-48FE-AC50-06B958238505}
		{3C95177C-1110-468A-B667-0E15027EAE9E} = {36A60E20-28A2-48FE-AC50-06B958238505}
		{EDD61243-2F04-42A5-9432-E13838283289} = {2E921EA3-943D-41D4-8172-AE64DBE2C6EF}
		{7FA96FC9-5D9D-41AD-AB02-4958CD4A561E} = {36A60E20-28A2-48FE-AC50-06B958238505}
		{0313BFBB-210A-4A24-8CB9-476699221EF0} = {7FA96FC9-5D9D-41AD-AB02-4958CD4A561E}
		{BB571396-6218-46FE-A57F-17C5C8045122} = {36A60E20-28A2-48FE-AC50-06B958238505}
		{EF359E67-D7D0-48D6-9765-6CA475AFE98D} = {BB571396-6218-46FE-A57F-17C5C8045122}
		{F9DC6E83-B8A0-48E8-AF6E-27D8B1DA7FF5} = {36A60E20-28A2-48FE-AC50-06B958238505}
		{E0C26255-314C-4575-AB9C-E0E0920F73C2} = {F9DC6E83-B8A0-48E8-AF6E-27D8B1DA7FF5}
	EndGlobalSection
	GlobalSection(ExtensibilityGlobals) = postSolution
		SolutionGuid = {C746BF35-557D-47FE-87EF-226D0A7C8757}
	EndGlobalSection
EndGlobal
