
Microsoft Visual Studio Solution File, Format Version 12.00
# Visual Studio Version 17
VisualStudioVersion = 17.0.31903.59
MinimumVisualStudioVersion = 10.0.40219.1
Project("{2150E333-8FDC-42A3-9474-1A3956D46DE8}") = "Ars.Demo", "Ars.Demo", "{E2E4C7C8-766B-4DA7-A40A-9A4E1A538A1A}"
EndProject
Project("{9A19103F-16F7-4668-BE54-9A1E7A4F7556}") = "ElasticsearchDemo", "ElasticsearchDemo\ElasticsearchDemo.csproj", "{5177CB18-42A9-498A-9183-4B50DBE5F215}"
EndProject
Project("{9A19103F-16F7-4668-BE54-9A1E7A4F7556}") = "ElasticsearchUtil", "ElasticsearchUtil\ElasticsearchUtil.csproj", "{908D1D65-613D-4EA2-B09F-E65CB11DAF56}"
EndProject
Project("{9A19103F-16F7-4668-BE54-9A1E7A4F7556}") = "ExpressionDemo", "ExpressionDemo\ExpressionDemo.csproj", "{BB5B5844-9465-4B5B-B62F-B5EF8460514F}"
EndProject
Project("{9A19103F-16F7-4668-BE54-9A1E7A4F7556}") = "MyArsenalWebApi", "MyArsenalWebApi\MyArsenalWebApi.csproj", "{2C9D310B-1346-4F4E-86A9-C1E176CAD9B7}"
EndProject
Project("{9A19103F-16F7-4668-BE54-9A1E7A4F7556}") = "GrpcGreeterService", "GrpcGreeter\GrpcGreeterService.csproj", "{5FDDDB34-7A3B-4DCD-91CD-90F8FD6F12EF}"
EndProject
Project("{9A19103F-16F7-4668-BE54-9A1E7A4F7556}") = "MyIdentittServer4", "MyIdentittServer4\MyIdentittServer4.csproj", "{5A49E7C5-7F03-49DD-BA5D-67C0C910D8D8}"
EndProject
Project("{9A19103F-16F7-4668-BE54-9A1E7A4F7556}") = "MyIdentityWithGithub", "MyWebApi\MyIdentityWithGithub.csproj", "{B09113AC-0C82-41D3-85A5-44FBE12BF11A}"
EndProject
Project("{2150E333-8FDC-42A3-9474-1A3956D46DE8}") = ".net6", ".net6", "{36A60E20-28A2-48FE-AC50-06B958238505}"
EndProject
Project("{2150E333-8FDC-42A3-9474-1A3956D46DE8}") = "Grpc", "Grpc", "{2E921EA3-943D-41D4-8172-AE64DBE2C6EF}"
EndProject
Project("{2150E333-8FDC-42A3-9474-1A3956D46DE8}") = "IdentityServer4", "IdentityServer4", "{3C95177C-1110-468A-B667-0E15027EAE9E}"
EndProject
Project("{9A19103F-16F7-4668-BE54-9A1E7A4F7556}") = "GrpcClient", "GrpcClient\GrpcClient.csproj", "{EDD61243-2F04-42A5-9432-E13838283289}"
EndProject
Project("{2150E333-8FDC-42A3-9474-1A3956D46DE8}") = "Email", "Email", "{7FA96FC9-5D9D-41AD-AB02-4958CD4A561E}"
EndProject
Project("{9A19103F-16F7-4668-BE54-9A1E7A4F7556}") = "Ars.Commom.Email", "Ars.Commom.Email\Ars.Commom.Email.csproj", "{0313BFBB-210A-4A24-8CB9-476699221EF0}"
EndProject
Project("{2150E333-8FDC-42A3-9474-1A3956D46DE8}") = "UnitTest", "UnitTest", "{BB571396-6218-46FE-A57F-17C5C8045122}"
EndProject
Project("{9A19103F-16F7-4668-BE54-9A1E7A4F7556}") = "ArsTest", "ArsTest\ArsTest.csproj", "{EF359E67-D7D0-48D6-9765-6CA475AFE98D}"
EndProject
Project("{2150E333-8FDC-42A3-9474-1A3956D46DE8}") = "Localization", "Localization", "{F9DC6E83-B8A0-48E8-AF6E-27D8B1DA7FF5}"
EndProject
Project("{9A19103F-16F7-4668-BE54-9A1E7A4F7556}") = "ArsMvcApp", "ArsMvcApp\ArsMvcApp.csproj", "{E0C26255-314C-4575-AB9C-E0E0920F73C2}"
EndProject
Project("{2150E333-8FDC-42A3-9474-1A3956D46DE8}") = "OtherApps", "OtherApps", "{5BA69E5B-51F9-4131-97D0-99D830740598}"
EndProject
Project("{9A19103F-16F7-4668-BE54-9A1E7A4F7556}") = "App", "..\asp-net-core-mini\Hosting\App.csproj", "{FF3DE5CE-DB3C-45BA-837A-5507EF7D7AC4}"
EndProject
Project("{2150E333-8FDC-42A3-9474-1A3956D46DE8}") = "AspNetCoreHttpHandler", "AspNetCoreHttpHandler", "{5FF91E01-F97E-4E13-A315-780FA820E486}"
EndProject
Project("{2150E333-8FDC-42A3-9474-1A3956D46DE8}") = "Ioc", "Ioc", "{998A6605-57EA-47D0-93D5-2D2E382E56FB}"
EndProject
Project("{9A19103F-16F7-4668-BE54-9A1E7A4F7556}") = "App", "..\cat\cat04\S304\App\App.csproj", "{C48046DE-0EED-4B40-B46D-CD507B8A095C}"
EndProject
Project("{2150E333-8FDC-42A3-9474-1A3956D46DE8}") = "AutoFac", "AutoFac", "{EC96E083-BFB5-4E6D-BB93-0FAB57E00EDF}"
EndProject
Project("{9A19103F-16F7-4668-BE54-9A1E7A4F7556}") = "Ars.Common.AutoFac", "Ars.Common.AutoFac\Ars.Common.AutoFac.csproj", "{D6D844E7-AF49-43A6-ABE9-5A4B2F7C9545}"
EndProject
Project("{2150E333-8FDC-42A3-9474-1A3956D46DE8}") = "Host", "Host", "{E8CB2737-8FED-4858-81BB-07280B549216}"
EndProject
Project("{9A19103F-16F7-4668-BE54-9A1E7A4F7556}") = "Ars.Commom.Host", "Ars.Commom.Host\Ars.Commom.Host.csproj", "{B1FAB9AA-0C68-4C00-8988-550B6334CCE7}"
EndProject
Project("{2150E333-8FDC-42A3-9474-1A3956D46DE8}") = "Helpers", "Helpers", "{393CC079-AD97-49D5-83A1-9A9AF747E72C}"
EndProject
Project("{9A19103F-16F7-4668-BE54-9A1E7A4F7556}") = "Ars.Commom.Tool", "MyArsenal.Commom.Tool\Ars.Commom.Tool.csproj", "{0080FC75-701B-453E-8A21-2D768585C083}"
EndProject
Project("{9A19103F-16F7-4668-BE54-9A1E7A4F7556}") = "Ars.Common.Localization", "Ars.Common.Localization\Ars.Common.Localization.csproj", "{931FCF16-EBFD-4E17-A8BE-376355257406}"
EndProject
Project("{9A19103F-16F7-4668-BE54-9A1E7A4F7556}") = "Ars.Common.IdentityServer4", "Ars.Common.IdentityServer4\Ars.Common.IdentityServer4.csproj", "{CFF0623A-FDD3-40AC-A7D4-216C5BD5D3DA}"
EndProject
Project("{2150E333-8FDC-42A3-9474-1A3956D46DE8}") = "Core", "Core", "{4DC107F9-B767-42B5-94AE-DD89ABAD3AC6}"
EndProject
Project("{9A19103F-16F7-4668-BE54-9A1E7A4F7556}") = "Ars.Common.Core", "Ars.Common.Core\Ars.Common.Core.csproj", "{9081C272-052D-4496-94AF-C8E78E4BF175}"
EndProject
Project("{9A19103F-16F7-4668-BE54-9A1E7A4F7556}") = "MyApiWithIdentityServer4", "MyApiWithIdentityServer4\MyApiWithIdentityServer4.csproj", "{DDB83017-5277-4744-9E3C-5A4869F70ECC}"
EndProject
Project("{2150E333-8FDC-42A3-9474-1A3956D46DE8}") = "Redis", "Redis", "{D0283D77-8A65-4402-B7C5-F6AA4D1D6176}"
EndProject
Project("{9A19103F-16F7-4668-BE54-9A1E7A4F7556}") = "Ars.Common.Redis", "Ars.Common.Redis\Ars.Common.Redis.csproj", "{29127E8B-F3E7-41D1-82DB-EF959C49F46E}"
EndProject
Project("{9A19103F-16F7-4668-BE54-9A1E7A4F7556}") = "SignalRChat", "..\AspNetCore.Docs\aspnetcore\signalr\javascript-client\samples\6.x\SignalRChat\SignalRChat.csproj", "{36AAA11D-D855-4A67-B9FC-BF999BA6BF8B}"
EndProject
Project("{FAE04EC0-301F-11D3-BF4B-00C04F79EFBC}") = "SignalRServer", "SignalRServer\SignalRServer.csproj", "{C0ED70E9-B870-4CDA-8C35-5FF9A4D665EB}"
EndProject
Global
	GlobalSection(SolutionConfigurationPlatforms) = preSolution
		Debug|Any CPU = Debug|Any CPU
		Release|Any CPU = Release|Any CPU
	EndGlobalSection
	GlobalSection(ProjectConfigurationPlatforms) = postSolution
		{5177CB18-42A9-498A-9183-4B50DBE5F215}.Debug|Any CPU.ActiveCfg = Debug|Any CPU
		{5177CB18-42A9-498A-9183-4B50DBE5F215}.Debug|Any CPU.Build.0 = Debug|Any CPU
		{5177CB18-42A9-498A-9183-4B50DBE5F215}.Release|Any CPU.ActiveCfg = Release|Any CPU
		{5177CB18-42A9-498A-9183-4B50DBE5F215}.Release|Any CPU.Build.0 = Release|Any CPU
		{908D1D65-613D-4EA2-B09F-E65CB11DAF56}.Debug|Any CPU.ActiveCfg = Debug|Any CPU
		{908D1D65-613D-4EA2-B09F-E65CB11DAF56}.Debug|Any CPU.Build.0 = Debug|Any CPU
		{908D1D65-613D-4EA2-B09F-E65CB11DAF56}.Release|Any CPU.ActiveCfg = Release|Any CPU
		{908D1D65-613D-4EA2-B09F-E65CB11DAF56}.Release|Any CPU.Build.0 = Release|Any CPU
		{BB5B5844-9465-4B5B-B62F-B5EF8460514F}.Debug|Any CPU.ActiveCfg = Debug|Any CPU
		{BB5B5844-9465-4B5B-B62F-B5EF8460514F}.Debug|Any CPU.Build.0 = Debug|Any CPU
		{BB5B5844-9465-4B5B-B62F-B5EF8460514F}.Release|Any CPU.ActiveCfg = Release|Any CPU
		{BB5B5844-9465-4B5B-B62F-B5EF8460514F}.Release|Any CPU.Build.0 = Release|Any CPU
		{2C9D310B-1346-4F4E-86A9-C1E176CAD9B7}.Debug|Any CPU.ActiveCfg = Debug|Any CPU
		{2C9D310B-1346-4F4E-86A9-C1E176CAD9B7}.Debug|Any CPU.Build.0 = Debug|Any CPU
		{2C9D310B-1346-4F4E-86A9-C1E176CAD9B7}.Release|Any CPU.ActiveCfg = Release|Any CPU
		{2C9D310B-1346-4F4E-86A9-C1E176CAD9B7}.Release|Any CPU.Build.0 = Release|Any CPU
		{5FDDDB34-7A3B-4DCD-91CD-90F8FD6F12EF}.Debug|Any CPU.ActiveCfg = Debug|Any CPU
		{5FDDDB34-7A3B-4DCD-91CD-90F8FD6F12EF}.Debug|Any CPU.Build.0 = Debug|Any CPU
		{5FDDDB34-7A3B-4DCD-91CD-90F8FD6F12EF}.Release|Any CPU.ActiveCfg = Release|Any CPU
		{5FDDDB34-7A3B-4DCD-91CD-90F8FD6F12EF}.Release|Any CPU.Build.0 = Release|Any CPU
		{5A49E7C5-7F03-49DD-BA5D-67C0C910D8D8}.Debug|Any CPU.ActiveCfg = Debug|Any CPU
		{5A49E7C5-7F03-49DD-BA5D-67C0C910D8D8}.Debug|Any CPU.Build.0 = Debug|Any CPU
		{5A49E7C5-7F03-49DD-BA5D-67C0C910D8D8}.Release|Any CPU.ActiveCfg = Release|Any CPU
		{5A49E7C5-7F03-49DD-BA5D-67C0C910D8D8}.Release|Any CPU.Build.0 = Release|Any CPU
		{B09113AC-0C82-41D3-85A5-44FBE12BF11A}.Debug|Any CPU.ActiveCfg = Debug|Any CPU
		{B09113AC-0C82-41D3-85A5-44FBE12BF11A}.Debug|Any CPU.Build.0 = Debug|Any CPU
		{B09113AC-0C82-41D3-85A5-44FBE12BF11A}.Release|Any CPU.ActiveCfg = Release|Any CPU
		{B09113AC-0C82-41D3-85A5-44FBE12BF11A}.Release|Any CPU.Build.0 = Release|Any CPU
		{EDD61243-2F04-42A5-9432-E13838283289}.Debug|Any CPU.ActiveCfg = Debug|Any CPU
		{EDD61243-2F04-42A5-9432-E13838283289}.Debug|Any CPU.Build.0 = Debug|Any CPU
		{EDD61243-2F04-42A5-9432-E13838283289}.Release|Any CPU.ActiveCfg = Release|Any CPU
		{EDD61243-2F04-42A5-9432-E13838283289}.Release|Any CPU.Build.0 = Release|Any CPU
		{0313BFBB-210A-4A24-8CB9-476699221EF0}.Debug|Any CPU.ActiveCfg = Debug|Any CPU
		{0313BFBB-210A-4A24-8CB9-476699221EF0}.Debug|Any CPU.Build.0 = Debug|Any CPU
		{0313BFBB-210A-4A24-8CB9-476699221EF0}.Release|Any CPU.ActiveCfg = Release|Any CPU
		{0313BFBB-210A-4A24-8CB9-476699221EF0}.Release|Any CPU.Build.0 = Release|Any CPU
		{EF359E67-D7D0-48D6-9765-6CA475AFE98D}.Debug|Any CPU.ActiveCfg = Debug|Any CPU
		{EF359E67-D7D0-48D6-9765-6CA475AFE98D}.Debug|Any CPU.Build.0 = Debug|Any CPU
		{EF359E67-D7D0-48D6-9765-6CA475AFE98D}.Release|Any CPU.ActiveCfg = Release|Any CPU
		{EF359E67-D7D0-48D6-9765-6CA475AFE98D}.Release|Any CPU.Build.0 = Release|Any CPU
		{E0C26255-314C-4575-AB9C-E0E0920F73C2}.Debug|Any CPU.ActiveCfg = Debug|Any CPU
		{E0C26255-314C-4575-AB9C-E0E0920F73C2}.Debug|Any CPU.Build.0 = Debug|Any CPU
		{E0C26255-314C-4575-AB9C-E0E0920F73C2}.Release|Any CPU.ActiveCfg = Release|Any CPU
		{E0C26255-314C-4575-AB9C-E0E0920F73C2}.Release|Any CPU.Build.0 = Release|Any CPU
		{FF3DE5CE-DB3C-45BA-837A-5507EF7D7AC4}.Debug|Any CPU.ActiveCfg = Debug|Any CPU
		{FF3DE5CE-DB3C-45BA-837A-5507EF7D7AC4}.Debug|Any CPU.Build.0 = Debug|Any CPU
		{FF3DE5CE-DB3C-45BA-837A-5507EF7D7AC4}.Release|Any CPU.ActiveCfg = Release|Any CPU
		{FF3DE5CE-DB3C-45BA-837A-5507EF7D7AC4}.Release|Any CPU.Build.0 = Release|Any CPU
		{C48046DE-0EED-4B40-B46D-CD507B8A095C}.Debug|Any CPU.ActiveCfg = Debug|Any CPU
		{C48046DE-0EED-4B40-B46D-CD507B8A095C}.Debug|Any CPU.Build.0 = Debug|Any CPU
		{C48046DE-0EED-4B40-B46D-CD507B8A095C}.Release|Any CPU.ActiveCfg = Release|Any CPU
		{C48046DE-0EED-4B40-B46D-CD507B8A095C}.Release|Any CPU.Build.0 = Release|Any CPU
		{D6D844E7-AF49-43A6-ABE9-5A4B2F7C9545}.Debug|Any CPU.ActiveCfg = Debug|Any CPU
		{D6D844E7-AF49-43A6-ABE9-5A4B2F7C9545}.Debug|Any CPU.Build.0 = Debug|Any CPU
		{D6D844E7-AF49-43A6-ABE9-5A4B2F7C9545}.Release|Any CPU.ActiveCfg = Release|Any CPU
		{D6D844E7-AF49-43A6-ABE9-5A4B2F7C9545}.Release|Any CPU.Build.0 = Release|Any CPU
		{B1FAB9AA-0C68-4C00-8988-550B6334CCE7}.Debug|Any CPU.ActiveCfg = Debug|Any CPU
		{B1FAB9AA-0C68-4C00-8988-550B6334CCE7}.Debug|Any CPU.Build.0 = Debug|Any CPU
		{B1FAB9AA-0C68-4C00-8988-550B6334CCE7}.Release|Any CPU.ActiveCfg = Release|Any CPU
		{B1FAB9AA-0C68-4C00-8988-550B6334CCE7}.Release|Any CPU.Build.0 = Release|Any CPU
		{0080FC75-701B-453E-8A21-2D768585C083}.Debug|Any CPU.ActiveCfg = Debug|Any CPU
		{0080FC75-701B-453E-8A21-2D768585C083}.Debug|Any CPU.Build.0 = Debug|Any CPU
		{0080FC75-701B-453E-8A21-2D768585C083}.Release|Any CPU.ActiveCfg = Release|Any CPU
		{0080FC75-701B-453E-8A21-2D768585C083}.Release|Any CPU.Build.0 = Release|Any CPU
		{931FCF16-EBFD-4E17-A8BE-376355257406}.Debug|Any CPU.ActiveCfg = Debug|Any CPU
		{931FCF16-EBFD-4E17-A8BE-376355257406}.Debug|Any CPU.Build.0 = Debug|Any CPU
		{931FCF16-EBFD-4E17-A8BE-376355257406}.Release|Any CPU.ActiveCfg = Release|Any CPU
		{931FCF16-EBFD-4E17-A8BE-376355257406}.Release|Any CPU.Build.0 = Release|Any CPU
		{CFF0623A-FDD3-40AC-A7D4-216C5BD5D3DA}.Debug|Any CPU.ActiveCfg = Debug|Any CPU
		{CFF0623A-FDD3-40AC-A7D4-216C5BD5D3DA}.Debug|Any CPU.Build.0 = Debug|Any CPU
		{CFF0623A-FDD3-40AC-A7D4-216C5BD5D3DA}.Release|Any CPU.ActiveCfg = Release|Any CPU
		{CFF0623A-FDD3-40AC-A7D4-216C5BD5D3DA}.Release|Any CPU.Build.0 = Release|Any CPU
		{9081C272-052D-4496-94AF-C8E78E4BF175}.Debug|Any CPU.ActiveCfg = Debug|Any CPU
		{9081C272-052D-4496-94AF-C8E78E4BF175}.Debug|Any CPU.Build.0 = Debug|Any CPU
		{9081C272-052D-4496-94AF-C8E78E4BF175}.Release|Any CPU.ActiveCfg = Release|Any CPU
		{9081C272-052D-4496-94AF-C8E78E4BF175}.Release|Any CPU.Build.0 = Release|Any CPU
		{DDB83017-5277-4744-9E3C-5A4869F70ECC}.Debug|Any CPU.ActiveCfg = Debug|Any CPU
		{DDB83017-5277-4744-9E3C-5A4869F70ECC}.Debug|Any CPU.Build.0 = Debug|Any CPU
		{DDB83017-5277-4744-9E3C-5A4869F70ECC}.Release|Any CPU.ActiveCfg = Release|Any CPU
		{DDB83017-5277-4744-9E3C-5A4869F70ECC}.Release|Any CPU.Build.0 = Release|Any CPU
		{29127E8B-F3E7-41D1-82DB-EF959C49F46E}.Debug|Any CPU.ActiveCfg = Debug|Any CPU
		{29127E8B-F3E7-41D1-82DB-EF959C49F46E}.Debug|Any CPU.Build.0 = Debug|Any CPU
		{29127E8B-F3E7-41D1-82DB-EF959C49F46E}.Release|Any CPU.ActiveCfg = Release|Any CPU
		{29127E8B-F3E7-41D1-82DB-EF959C49F46E}.Release|Any CPU.Build.0 = Release|Any CPU
		{36AAA11D-D855-4A67-B9FC-BF999BA6BF8B}.Debug|Any CPU.ActiveCfg = Debug|Any CPU
		{36AAA11D-D855-4A67-B9FC-BF999BA6BF8B}.Debug|Any CPU.Build.0 = Debug|Any CPU
		{36AAA11D-D855-4A67-B9FC-BF999BA6BF8B}.Release|Any CPU.ActiveCfg = Release|Any CPU
		{36AAA11D-D855-4A67-B9FC-BF999BA6BF8B}.Release|Any CPU.Build.0 = Release|Any CPU
		{C0ED70E9-B870-4CDA-8C35-5FF9A4D665EB}.Debug|Any CPU.ActiveCfg = Debug|Any CPU
		{C0ED70E9-B870-4CDA-8C35-5FF9A4D665EB}.Debug|Any CPU.Build.0 = Debug|Any CPU
		{C0ED70E9-B870-4CDA-8C35-5FF9A4D665EB}.Release|Any CPU.ActiveCfg = Release|Any CPU
		{C0ED70E9-B870-4CDA-8C35-5FF9A4D665EB}.Release|Any CPU.Build.0 = Release|Any CPU
	EndGlobalSection
	GlobalSection(SolutionProperties) = preSolution
		HideSolutionNode = FALSE
	EndGlobalSection
	GlobalSection(NestedProjects) = preSolution
		{5177CB18-42A9-498A-9183-4B50DBE5F215} = {E2E4C7C8-766B-4DA7-A40A-9A4E1A538A1A}
		{908D1D65-613D-4EA2-B09F-E65CB11DAF56} = {E2E4C7C8-766B-4DA7-A40A-9A4E1A538A1A}
		{BB5B5844-9465-4B5B-B62F-B5EF8460514F} = {E2E4C7C8-766B-4DA7-A40A-9A4E1A538A1A}
		{2C9D310B-1346-4F4E-86A9-C1E176CAD9B7} = {E2E4C7C8-766B-4DA7-A40A-9A4E1A538A1A}
		{5FDDDB34-7A3B-4DCD-91CD-90F8FD6F12EF} = {2E921EA3-943D-41D4-8172-AE64DBE2C6EF}
		{5A49E7C5-7F03-49DD-BA5D-67C0C910D8D8} = {3C95177C-1110-468A-B667-0E15027EAE9E}
		{B09113AC-0C82-41D3-85A5-44FBE12BF11A} = {3C95177C-1110-468A-B667-0E15027EAE9E}
		{2E921EA3-943D-41D4-8172-AE64DBE2C6EF} = {36A60E20-28A2-48FE-AC50-06B958238505}
		{3C95177C-1110-468A-B667-0E15027EAE9E} = {36A60E20-28A2-48FE-AC50-06B958238505}
		{EDD61243-2F04-42A5-9432-E13838283289} = {2E921EA3-943D-41D4-8172-AE64DBE2C6EF}
		{7FA96FC9-5D9D-41AD-AB02-4958CD4A561E} = {36A60E20-28A2-48FE-AC50-06B958238505}
		{0313BFBB-210A-4A24-8CB9-476699221EF0} = {7FA96FC9-5D9D-41AD-AB02-4958CD4A561E}
		{BB571396-6218-46FE-A57F-17C5C8045122} = {36A60E20-28A2-48FE-AC50-06B958238505}
		{EF359E67-D7D0-48D6-9765-6CA475AFE98D} = {BB571396-6218-46FE-A57F-17C5C8045122}
		{F9DC6E83-B8A0-48E8-AF6E-27D8B1DA7FF5} = {36A60E20-28A2-48FE-AC50-06B958238505}
		{E0C26255-314C-4575-AB9C-E0E0920F73C2} = {F9DC6E83-B8A0-48E8-AF6E-27D8B1DA7FF5}
		{FF3DE5CE-DB3C-45BA-837A-5507EF7D7AC4} = {5FF91E01-F97E-4E13-A315-780FA820E486}
		{5FF91E01-F97E-4E13-A315-780FA820E486} = {5BA69E5B-51F9-4131-97D0-99D830740598}
		{998A6605-57EA-47D0-93D5-2D2E382E56FB} = {5BA69E5B-51F9-4131-97D0-99D830740598}
		{C48046DE-0EED-4B40-B46D-CD507B8A095C} = {998A6605-57EA-47D0-93D5-2D2E382E56FB}
		{EC96E083-BFB5-4E6D-BB93-0FAB57E00EDF} = {36A60E20-28A2-48FE-AC50-06B958238505}
		{D6D844E7-AF49-43A6-ABE9-5A4B2F7C9545} = {EC96E083-BFB5-4E6D-BB93-0FAB57E00EDF}
		{E8CB2737-8FED-4858-81BB-07280B549216} = {36A60E20-28A2-48FE-AC50-06B958238505}
		{B1FAB9AA-0C68-4C00-8988-550B6334CCE7} = {E8CB2737-8FED-4858-81BB-07280B549216}
		{393CC079-AD97-49D5-83A1-9A9AF747E72C} = {36A60E20-28A2-48FE-AC50-06B958238505}
		{0080FC75-701B-453E-8A21-2D768585C083} = {393CC079-AD97-49D5-83A1-9A9AF747E72C}
		{931FCF16-EBFD-4E17-A8BE-376355257406} = {F9DC6E83-B8A0-48E8-AF6E-27D8B1DA7FF5}
		{CFF0623A-FDD3-40AC-A7D4-216C5BD5D3DA} = {3C95177C-1110-468A-B667-0E15027EAE9E}
		{4DC107F9-B767-42B5-94AE-DD89ABAD3AC6} = {36A60E20-28A2-48FE-AC50-06B958238505}
		{9081C272-052D-4496-94AF-C8E78E4BF175} = {4DC107F9-B767-42B5-94AE-DD89ABAD3AC6}
		{DDB83017-5277-4744-9E3C-5A4869F70ECC} = {3C95177C-1110-468A-B667-0E15027EAE9E}
		{D0283D77-8A65-4402-B7C5-F6AA4D1D6176} = {36A60E20-28A2-48FE-AC50-06B958238505}
		{29127E8B-F3E7-41D1-82DB-EF959C49F46E} = {D0283D77-8A65-4402-B7C5-F6AA4D1D6176}
		{36AAA11D-D855-4A67-B9FC-BF999BA6BF8B} = {E2E4C7C8-766B-4DA7-A40A-9A4E1A538A1A}
		{C0ED70E9-B870-4CDA-8C35-5FF9A4D665EB} = {E2E4C7C8-766B-4DA7-A40A-9A4E1A538A1A}
	EndGlobalSection
	GlobalSection(ExtensibilityGlobals) = postSolution
		SolutionGuid = {C746BF35-557D-47FE-87EF-226D0A7C8757}
	EndGlobalSection
EndGlobal
